{
  "version": 4,
  "terraform_version": "1.1.4",
  "serial": 124,
  "lineage": "e97f999d-340c-5a6e-4c2b-a4add5355d26",
  "outputs": {},
  "resources": [
    {
      "module": "module.acme_cert",
      "mode": "data",
      "type": "google_client_config",
      "name": "current",
      "provider": "provider[\"registry.terraform.io/hashicorp/google\"]",
      "instances": [
        {
          "schema_version": 0,
          "attributes": {
            "access_token": "ya29.A0ARrdaM_oX0MHa51bggOc8b-SmVasugryw5xN9KD4qY_J6YJMEWfzdLkHYbItoytQztumz4DZbBBBgY9lhkqmW7jbWW9uFpw3FjE452WMIfRrjolslSvOa0Jg1B6SIdsGWu6U0Z9CmU7WJeXTvxw3PfcN5QlXaw",
            "id": "projects//regions//zones/",
            "project": "",
            "region": "",
            "zone": ""
          },
          "sensitive_attributes": []
        }
      ]
    },
    {
      "module": "module.acme_cert",
      "mode": "managed",
      "type": "acme_registration",
      "name": "reg",
      "provider": "module.acme_cert.provider[\"registry.terraform.io/vancluever/acme\"]",
      "instances": [
        {
          "schema_version": 1,
          "attributes": {
            "account_key_pem": "-----BEGIN RSA PRIVATE KEY-----\nMIIEpQIBAAKCAQEA1cuqrUdvU1UwKAeEf3x1qWvYbSezy6lWXa5MhgFrBJxMJfb0\nUSKEY+yj6cKTMJBw78Wj7uNwuxPr2ZRDdwOLjrBFonYZWAgJbO/SCPkQIMVUFkaJ\nEvJFlolItD8ILc+5DUzG4ROUwaIvZ35+EjLRkvEquhjTGVZyLD8DhOgbhEpGxqsm\nAsE5bPSf8Akgascm/GRtvxaEfMWuLCeeqZxiOdg3ZT94YRXziLwMVdBzNK6d35C1\nIQ7tWydGJDNkHJHSpmV/50V71uW/7YqPKmEsQ4F4aUBmeJ/PlQdk0crWlzy03akf\nhuEWunsGuwNpjAviCH6mWDkQD34rv31GSwjnswIDAQABAoIBAQCTrH5T+ke3M9xz\nid3HgVx0jf2MSCQ0xN7XDpHk7g3RvXQLtSzE7iasLsR5ruCkZuDbfZTiaU9wqS37\nuCFxj41SHge7U//lgoegK3bUo9S0Dhkq2cXMxHO0q1cAyZkIq7aSrTmiNjhGF5TO\n09yZDWkdKl/s80C8+60ZSt1PbFO1Z6WKERayDQ0Kf3AemhQQovfPcmDERa3cMmNW\noaL3v7imuFw+vlhCgl5KjlmDWpAMXsYn9EGUNQ+6gP4qfeep8qEWeKLQhp79+e/X\ntYm6NCWkok5ymP0IEivD96oE3orBGDgj8xLTra2h3K3XftBaPPxagWWgdVp9blyB\nYB945k5hAoGBAO1Jk4VAkX7/fe/mHPlxbdWrK+36R5vMLoi2ipthPTRbXi0yeynZ\nDqWBeo1B9BMckWC/dMNmw7qlg5Qj771njcrCqjeIhmlh58pAXbAS7tJ/9OgZh2ZW\n0qiLhnC8Q3flR5dRjb0iJ9uqq2fh0EVHIyl52Zaum6YlR8WhwXgvL581AoGBAOan\n1LBIA0LEE3sBBSIYXhaOq0xzIhiocg0AI0fzpD0C3jApQF10zv88GDC7Y+w8fsP5\ntTyq/LRC8p2Zln/HCBXc74HGdG0Sm9fDLXOTgujzB86mOlk6wbUPrrREiB5XRr89\ndXHfh3rmfgdg2mxyQZss9UYff3JzJ3sWT3gZPMBHAoGBAMo4pgwt1tFQk9dbWN4M\nmPo7gpixb02LWS0RxFZfLHXuV/hUyToEzcKm8fZoesW+1vaIs83DSpNKczRQ3AOi\nuOhPthjVtRciZROsfyuLNxUWD3WuLAI/hBA3uD9jcmw/bh+7VPwWm7lNXf6OJ5yi\n34h9W75a2DNkGiKHlAYE0KTxAoGBAIVKFy6Hbtr2VAuQ21aInlaKu5LCNcHqFX5N\nxhWeRhq7vYo3TGq1RalZIOGIaIXrr5Wwh3s3lDDXPzyztLTCX3nC4uUrubwONODK\neUmAxPW4+5n/lVhbC/WFyn+B2uctqER7T5MuiSwMZmf9IDvrCt6RbGvJZ+zLftUy\nX1oXu3OhAoGAcPzHRU9pUcSu5Z9/rQZ2OTvIbd5nAxQhfnU7S2dC4GvuWcWPOqWL\n7pciWy1lrDNwIoIdvqwHaX/CAiayYGdVUx7z11QOig6jHdGa205c6+L2h2xu+kWx\njgPOghi4Qy2WUkA6NpmQDnf32Y6igtOmpbO1/Ko+DEbEyHz8lYficEE=\n-----END RSA PRIVATE KEY-----\n",
            "email_address": "admin@aribansal.com",
            "external_account_binding": [],
            "id": "https://acme-v02.api.letsencrypt.org/acme/acct/391243140",
            "registration_url": "https://acme-v02.api.letsencrypt.org/acme/acct/391243140"
          },
          "sensitive_attributes": [
            [
              {
                "type": "get_attr",
                "value": "account_key_pem"
              }
            ]
          ],
          "private": "eyJzY2hlbWFfdmVyc2lvbiI6IjEifQ==",
          "dependencies": [
            "module.acme_cert.tls_private_key.vault_private_key"
          ]
        }
      ]
    },
    {
      "module": "module.acme_cert",
      "mode": "managed",
      "type": "google_project_iam_member",
      "name": "service-account-iam-membership",
      "provider": "provider[\"registry.terraform.io/hashicorp/google\"]",
      "instances": [
        {
          "schema_version": 0,
          "attributes": {
            "condition": [],
            "etag": "BwXXBMBsm/A=",
            "id": "dev-hashi/roles/dns.admin/serviceAccount:vault-dns-validation-svc@dev-hashi.iam.gserviceaccount.com",
            "member": "serviceAccount:vault-dns-validation-svc@dev-hashi.iam.gserviceaccount.com",
            "project": "dev-hashi",
            "role": "roles/dns.admin"
          },
          "sensitive_attributes": [],
          "private": "bnVsbA==",
          "dependencies": [
            "module.acme_cert.google_service_account.dns_validation_service_account"
          ]
        }
      ]
    },
    {
      "module": "module.acme_cert",
      "mode": "managed",
      "type": "google_service_account",
      "name": "dns_validation_service_account",
      "provider": "provider[\"registry.terraform.io/hashicorp/google\"]",
      "instances": [
        {
          "schema_version": 0,
          "attributes": {
            "account_id": "vault-dns-validation-svc",
            "description": "",
            "disabled": false,
            "display_name": "Service Account (Vault Cluster) to provide DNS authentication for ACME certs",
            "email": "vault-dns-validation-svc@dev-hashi.iam.gserviceaccount.com",
            "id": "projects/dev-hashi/serviceAccounts/vault-dns-validation-svc@dev-hashi.iam.gserviceaccount.com",
            "name": "projects/dev-hashi/serviceAccounts/vault-dns-validation-svc@dev-hashi.iam.gserviceaccount.com",
            "project": "dev-hashi",
            "timeouts": null,
            "unique_id": "108700473402582646515"
          },
          "sensitive_attributes": [],
          "private": "eyJlMmJmYjczMC1lY2FhLTExZTYtOGY4OC0zNDM2M2JjN2M0YzAiOnsiY3JlYXRlIjozMDAwMDAwMDAwMDB9fQ=="
        }
      ]
    },
    {
      "module": "module.acme_cert",
      "mode": "managed",
      "type": "google_service_account_key",
      "name": "dns_validation_service_account_key",
      "provider": "provider[\"registry.terraform.io/hashicorp/google\"]",
      "instances": [
        {
          "schema_version": 0,
          "attributes": {
            "id": "projects/dev-hashi/serviceAccounts/vault-dns-validation-svc@dev-hashi.iam.gserviceaccount.com/keys/f346ac75be55dc5e9bb43afdd8d54d6aaa3578b8",
            "keepers": null,
            "key_algorithm": "KEY_ALG_RSA_2048",
            "name": "projects/dev-hashi/serviceAccounts/vault-dns-validation-svc@dev-hashi.iam.gserviceaccount.com/keys/f346ac75be55dc5e9bb43afdd8d54d6aaa3578b8",
            "private_key": "ewogICJ0eXBlIjogInNlcnZpY2VfYWNjb3VudCIsCiAgInByb2plY3RfaWQiOiAiZGV2LWhhc2hpIiwKICAicHJpdmF0ZV9rZXlfaWQiOiAiZjM0NmFjNzViZTU1ZGM1ZTliYjQzYWZkZDhkNTRkNmFhYTM1NzhiOCIsCiAgInByaXZhdGVfa2V5IjogIi0tLS0tQkVHSU4gUFJJVkFURSBLRVktLS0tLVxuTUlJRXZ3SUJBREFOQmdrcWhraUc5dzBCQVFFRkFBU0NCS2t3Z2dTbEFnRUFBb0lCQVFEd0hCKzloSGRRSUFrdFxuV3IrV1laMUphSnhDR09uZnlUb1p5T0R5dXNJSnBDTVIybWx5aUg4c0V6cVRuOUI4QWZSMWdkRXBuWC9pd3dxelxuY09BTzJ5Uk1XUGdOQ2ROS2tuZ0lRTFhXdWZ0c0JUVVN2VEhIVy9xQ2xyMkZ1UWFlMjBRakJiZnZMMkxTV2F4aFxuaXhyVWpDazZmVmdDRGJJcVJ5N0thS0piWSt0dm5FZGdSTjB6aFQzSVIvMjcyMEJVcGYyYm94SU9MNkZXS1dYeVxuREFKem5McG1FazFJelF1eWcyeFBOc1JPMThkVUQ0Q1pnZ3g3UURma0FCcm1FOHllL3YzZUlHNVVUYk8rS0NzL1xuS2MwSzZibGt2VitGUDgvajNRSzQ4U3B1Y2NVR3NLYzFBQWtwaEtHeFh4NllaZUlrNkwwS1RYUW5ESWFjSms4bVxuZ04zVTFUZ2JBZ01CQUFFQ2dnRUFFZWRHOFVRQXB0ZDhyUVpva0F5cDd3dFVlMms0SnhqdUNDRFRyOFdxZjVBMFxuUFRuaW12T3Frb2dYTDJLL1BPcU51OC80MzAyQWQ2YkF2dGlGSEd2TlY3NnY0RDVYVHViVStiM2tKbnFxVUp6NFxuSHNtVXFKOThjbUw0WEJHTHppbmQrVzZORHlkTllHU1NBZTZldFlmWW15VTFmQkcyc3pMK1Bpd2NlYmF5OE1ObFxuWmJtRlZrcFdhYWc5VHZwU1JrYSsrcnpkUGdONXJjMXY0Smc1R3FxU29xdEh5endDK3JtOU1JczV3b1lNSDVVV1xuWmNLbURrMnhXTjNVV0M2MmlIWC9zeDI1UFEzcDg0WHRlSUxtTGhRRzNSeXFCUFRIVU5XY2owKzA2ZTk2Zmlpc1xuRGJIL3FHWCtvWEJkQVoyaTIzdWJJNlJCU2tIcU5PT2dUVXRLMWh1ellRS0JnUUQ1Zitkb0VZd1ZmeEdTdFRNU1xuUHR5QWxURWE3b05nNGt3RElqVnpVL2RpY2EyMVFLSk5QckpyOTBRcGxHN1dBdi9zQzdVd3hRVWNvOUtWcTJVMlxubUZCUDFXaTMyWURNNmE3SEx6WmVpQUdma0c3RkpNT1YwVjdFbUN4c3lNMUZranBhWFZSVnMwQit0bGJyY1FBclxueFFzTldoMk56b2hLaEZFMmFzbjk0YXg2cHdLQmdRRDJYWmZDOUpaK0Q5M1ZLMGNYeFl1K3Z2OHo4N01jK01RRFxuSnBZalowSk1TMlU3c3NBdE93K0ZmMlFoS3VEZ1Fmck5EWklmeEFFbU9RYkNsMzMzeWhnMjg0eGpKSlNEMk9HT1xuRGRZR0NOVkREUXpIc2NpZzRHNlgxam1Fb2lFb1ZnMGhSWk9yN3F1MGdmY0hRUnAxa0tIQjQzMGE0WWl1U21DcVxuQ3ZJSDVvWHBiUUtCZ1FDMkg0NXNvZnB1cXAzS1NLaXFGZWJobVlZSjBiZG5IbWs4RkZtT0FPbmhHM2dnaWJpdlxueUNkM3RqdzBXZHg2TGlCZ1RyK0poUmZSS3lpS0JsM1FkMmlRamdodHc4QklWQUEzOTVlcGM0QXoyTHR5L3Y0aVxuTzM0QTVjL3Y3TGdpbzdZaXhtUE1WeGVxSnpIVmxWdjVsMUVWQXdYMXdLQXVQTjRIYWZaZWM4Qnltd0tCZ1FDWFxuaFhxWVFmdm83bk05N3c4YmRMajlDTlZHcTRTbXRlMUFEdFJhVStDM3NjdENTeTdjNHEwcUt1NTNZN3JJMG11Z1xuLzg2MlVNTndNYlNScThDaXpKM1Y5amFLcDIzY0pXQ2NFTEJvSjdpYU00Vi9zRDAzakxFWUczNW1yNXg3QldtdlxuNCszdDJhMnJLQis1UzNZdGhsV21QUGF0dUxacWszNGVOdnNpbHNvWGhRS0JnUUNETkVja2RMU2FCbE5sOFZndFxuOENvUXRSclRKa3BBb2hQc1E0MndSNmFqSmNkaW83WTc2dU03U3F6MEk4OHU3cXhRTzNVcUpEaHJLNW1OcEF3NlxuY2tQTUpTUDZBVXZrSkJkQlR1cHBjelpHeS8wYUJWRXZMV0dQaUF6c0VsakhkcWVZQS8vV2V4aGVGZVNoUU0xeFxueVlOZXVYbEhxbGY1YThsdTlOdzFGRWd0Mmc9PVxuLS0tLS1FTkQgUFJJVkFURSBLRVktLS0tLVxuIiwKICAiY2xpZW50X2VtYWlsIjogInZhdWx0LWRucy12YWxpZGF0aW9uLXN2Y0BkZXYtaGFzaGkuaWFtLmdzZXJ2aWNlYWNjb3VudC5jb20iLAogICJjbGllbnRfaWQiOiAiMTA4NzAwNDczNDAyNTgyNjQ2NTE1IiwKICAiYXV0aF91cmkiOiAiaHR0cHM6Ly9hY2NvdW50cy5nb29nbGUuY29tL28vb2F1dGgyL2F1dGgiLAogICJ0b2tlbl91cmkiOiAiaHR0cHM6Ly9vYXV0aDIuZ29vZ2xlYXBpcy5jb20vdG9rZW4iLAogICJhdXRoX3Byb3ZpZGVyX3g1MDlfY2VydF91cmwiOiAiaHR0cHM6Ly93d3cuZ29vZ2xlYXBpcy5jb20vb2F1dGgyL3YxL2NlcnRzIiwKICAiY2xpZW50X3g1MDlfY2VydF91cmwiOiAiaHR0cHM6Ly93d3cuZ29vZ2xlYXBpcy5jb20vcm9ib3QvdjEvbWV0YWRhdGEveDUwOS92YXVsdC1kbnMtdmFsaWRhdGlvbi1zdmMlNDBkZXYtaGFzaGkuaWFtLmdzZXJ2aWNlYWNjb3VudC5jb20iCn0K",
            "private_key_type": "TYPE_GOOGLE_CREDENTIALS_FILE",
            "public_key": "LS0tLS1CRUdJTiBDRVJUSUZJQ0FURS0tLS0tCk1JSUMvRENDQWVTZ0F3SUJBZ0lJSk90cFBRenhYTHd3RFFZSktvWklodmNOQVFFRkJRQXdJREVlTUJ3R0ExVUUKQXhNVk1UQTROekF3TkRjek5EQXlOVGd5TmpRMk5URTFNQ0FYRFRJeU1ESXdNakE0TWpRME5Wb1lEems1T1RreApNak14TWpNMU9UVTVXakFnTVI0d0hBWURWUVFERXhVeE1EZzNNREEwTnpNME1ESTFPREkyTkRZMU1UVXdnZ0VpCk1BMEdDU3FHU0liM0RRRUJBUVVBQTRJQkR3QXdnZ0VLQW9JQkFRRHdIQis5aEhkUUlBa3RXcitXWVoxSmFKeEMKR09uZnlUb1p5T0R5dXNJSnBDTVIybWx5aUg4c0V6cVRuOUI4QWZSMWdkRXBuWC9pd3dxemNPQU8yeVJNV1BnTgpDZE5La25nSVFMWFd1ZnRzQlRVU3ZUSEhXL3FDbHIyRnVRYWUyMFFqQmJmdkwyTFNXYXhoaXhyVWpDazZmVmdDCkRiSXFSeTdLYUtKYlkrdHZuRWRnUk4wemhUM0lSLzI3MjBCVXBmMmJveElPTDZGV0tXWHlEQUp6bkxwbUVrMUkKelF1eWcyeFBOc1JPMThkVUQ0Q1pnZ3g3UURma0FCcm1FOHllL3YzZUlHNVVUYk8rS0NzL0tjMEs2YmxrdlYrRgpQOC9qM1FLNDhTcHVjY1VHc0tjMUFBa3BoS0d4WHg2WVplSWs2TDBLVFhRbkRJYWNKazhtZ04zVTFUZ2JBZ01CCkFBR2pPREEyTUF3R0ExVWRFd0VCL3dRQ01BQXdEZ1lEVlIwUEFRSC9CQVFEQWdlQU1CWUdBMVVkSlFFQi93UU0KTUFvR0NDc0dBUVVGQndNQ01BMEdDU3FHU0liM0RRRUJCUVVBQTRJQkFRQ01seFdIT3g1QW5BakN4QzVlQWQzOQpZQ1RxZU1PVXFIcDlmUER6WjkzREpwZDNDWFFKY0Z0TDhiTVorS0VCTkxFeVROTWFVbTl4ZThBWGNEaW1Dc1RMClREN1BEZnNab0RQSGE0Z3N6SitUbTBhTkJubEZrYlRtRmZ3M3E2Wng3YkFEYmZ3d2gvd0Ntays0emxqOEpLYkcKME1VSjFWaUcyNjZvNmtkRGxWcndlM1Zsa0d5RnFoZTlyRDhkNmwzdElUUXQ4dE0xQmdWVjM1ZUlLY2pHVTlIUQpLMHJIeEd5ZWF6RlBGQld0bmZqdVBBeHZjQXdtdjlEQmh5NnF3R2k0Wm5HN2w3TjFCUjRqY1d1L3B4RlpSYi9PCm8rVXBYamd0Tk9QWUlvUTZvWjdoUjNOMEpXdmQ2Qk44SWd1cnBCeDdwaGMydWcvUW00RmJGYjJ0ZXRRU0hxT2YKLS0tLS1FTkQgQ0VSVElGSUNBVEUtLS0tLQo=",
            "public_key_data": null,
            "public_key_type": "TYPE_X509_PEM_FILE",
            "service_account_id": "projects/dev-hashi/serviceAccounts/vault-dns-validation-svc@dev-hashi.iam.gserviceaccount.com",
            "valid_after": "2022-02-02T08:24:45Z",
            "valid_before": "9999-12-31T23:59:59Z"
          },
          "sensitive_attributes": [],
          "private": "bnVsbA==",
          "dependencies": [
            "module.acme_cert.google_service_account.dns_validation_service_account"
          ]
        }
      ]
    },
    {
      "module": "module.acme_cert",
      "mode": "managed",
      "type": "kubernetes_secret",
      "name": "vault_acme_cert",
      "provider": "module.acme_cert.provider[\"registry.terraform.io/hashicorp/kubernetes\"]",
      "instances": []
    },
    {
      "module": "module.acme_cert",
      "mode": "managed",
      "type": "local_file",
      "name": "dns_validation_svc_creds",
      "provider": "provider[\"registry.terraform.io/hashicorp/local\"]",
      "instances": [
        {
          "schema_version": 0,
          "attributes": {
            "content": "{\n  \"type\": \"service_account\",\n  \"project_id\": \"dev-hashi\",\n  \"private_key_id\": \"f346ac75be55dc5e9bb43afdd8d54d6aaa3578b8\",\n  \"private_key\": \"-----BEGIN PRIVATE KEY-----\\nMIIEvwIBADANBgkqhkiG9w0BAQEFAASCBKkwggSlAgEAAoIBAQDwHB+9hHdQIAkt\\nWr+WYZ1JaJxCGOnfyToZyODyusIJpCMR2mlyiH8sEzqTn9B8AfR1gdEpnX/iwwqz\\ncOAO2yRMWPgNCdNKkngIQLXWuftsBTUSvTHHW/qClr2FuQae20QjBbfvL2LSWaxh\\nixrUjCk6fVgCDbIqRy7KaKJbY+tvnEdgRN0zhT3IR/2720BUpf2boxIOL6FWKWXy\\nDAJznLpmEk1IzQuyg2xPNsRO18dUD4CZggx7QDfkABrmE8ye/v3eIG5UTbO+KCs/\\nKc0K6blkvV+FP8/j3QK48SpuccUGsKc1AAkphKGxXx6YZeIk6L0KTXQnDIacJk8m\\ngN3U1TgbAgMBAAECggEAEedG8UQAptd8rQZokAyp7wtUe2k4JxjuCCDTr8Wqf5A0\\nPTnimvOqkogXL2K/POqNu8/4302Ad6bAvtiFHGvNV76v4D5XTubU+b3kJnqqUJz4\\nHsmUqJ98cmL4XBGLzind+W6NDydNYGSSAe6etYfYmyU1fBG2szL+Piwcebay8MNl\\nZbmFVkpWaag9TvpSRka++rzdPgN5rc1v4Jg5GqqSoqtHyzwC+rm9MIs5woYMH5UW\\nZcKmDk2xWN3UWC62iHX/sx25PQ3p84XteILmLhQG3RyqBPTHUNWcj0+06e96fiis\\nDbH/qGX+oXBdAZ2i23ubI6RBSkHqNOOgTUtK1huzYQKBgQD5f+doEYwVfxGStTMS\\nPtyAlTEa7oNg4kwDIjVzU/dica21QKJNPrJr90QplG7WAv/sC7UwxQUco9KVq2U2\\nmFBP1Wi32YDM6a7HLzZeiAGfkG7FJMOV0V7EmCxsyM1FkjpaXVRVs0B+tlbrcQAr\\nxQsNWh2NzohKhFE2asn94ax6pwKBgQD2XZfC9JZ+D93VK0cXxYu+vv8z87Mc+MQD\\nJpYjZ0JMS2U7ssAtOw+Ff2QhKuDgQfrNDZIfxAEmOQbCl333yhg284xjJJSD2OGO\\nDdYGCNVDDQzHscig4G6X1jmEoiEoVg0hRZOr7qu0gfcHQRp1kKHB430a4YiuSmCq\\nCvIH5oXpbQKBgQC2H45sofpuqp3KSKiqFebhmYYJ0bdnHmk8FFmOAOnhG3ggibiv\\nyCd3tjw0Wdx6LiBgTr+JhRfRKyiKBl3Qd2iQjghtw8BIVAA395epc4Az2Lty/v4i\\nO34A5c/v7Lgio7YixmPMVxeqJzHVlVv5l1EVAwX1wKAuPN4HafZec8BymwKBgQCX\\nhXqYQfvo7nM97w8bdLj9CNVGq4Smte1ADtRaU+C3sctCSy7c4q0qKu53Y7rI0mug\\n/862UMNwMbSRq8CizJ3V9jaKp23cJWCcELBoJ7iaM4V/sD03jLEYG35mr5x7BWmv\\n4+3t2a2rKB+5S3YthlWmPPatuLZqk34eNvsilsoXhQKBgQCDNEckdLSaBlNl8Vgt\\n8CoQtRrTJkpAohPsQ42wR6ajJcdio7Y76uM7Sqz0I88u7qxQO3UqJDhrK5mNpAw6\\nckPMJSP6AUvkJBdBTuppczZGy/0aBVEvLWGPiAzsEljHdqeYA//WexheFeShQM1x\\nyYNeuXlHqlf5a8lu9Nw1FEgt2g==\\n-----END PRIVATE KEY-----\\n\",\n  \"client_email\": \"vault-dns-validation-svc@dev-hashi.iam.gserviceaccount.com\",\n  \"client_id\": \"108700473402582646515\",\n  \"auth_uri\": \"https://accounts.google.com/o/oauth2/auth\",\n  \"token_uri\": \"https://oauth2.googleapis.com/token\",\n  \"auth_provider_x509_cert_url\": \"https://www.googleapis.com/oauth2/v1/certs\",\n  \"client_x509_cert_url\": \"https://www.googleapis.com/robot/v1/metadata/x509/vault-dns-validation-svc%40dev-hashi.iam.gserviceaccount.com\"\n}\n",
            "content_base64": null,
            "directory_permission": "0777",
            "file_permission": "0777",
            "filename": "./credentials/vault_acme_svc_account_key.json",
            "id": "18310d82ea5a7b92393aed30e17d94f7db4f6a7f",
            "sensitive_content": null,
            "source": null
          },
          "sensitive_attributes": [
            [
              {
                "type": "get_attr",
                "value": "content"
              }
            ]
          ],
          "private": "bnVsbA==",
          "dependencies": [
            "module.acme_cert.google_service_account.dns_validation_service_account",
            "module.acme_cert.google_service_account_key.dns_validation_service_account_key"
          ]
        }
      ]
    },
    {
      "module": "module.acme_cert",
      "mode": "managed",
      "type": "tls_private_key",
      "name": "vault_private_key",
      "provider": "provider[\"registry.terraform.io/hashicorp/tls\"]",
      "instances": [
        {
          "schema_version": 0,
          "attributes": {
            "algorithm": "RSA",
            "ecdsa_curve": "P224",
            "id": "7c2b1066a68b6b4aa1fb2ad9497d14d8c02ebe1d",
            "private_key_pem": "-----BEGIN RSA PRIVATE KEY-----\nMIIEpQIBAAKCAQEA1cuqrUdvU1UwKAeEf3x1qWvYbSezy6lWXa5MhgFrBJxMJfb0\nUSKEY+yj6cKTMJBw78Wj7uNwuxPr2ZRDdwOLjrBFonYZWAgJbO/SCPkQIMVUFkaJ\nEvJFlolItD8ILc+5DUzG4ROUwaIvZ35+EjLRkvEquhjTGVZyLD8DhOgbhEpGxqsm\nAsE5bPSf8Akgascm/GRtvxaEfMWuLCeeqZxiOdg3ZT94YRXziLwMVdBzNK6d35C1\nIQ7tWydGJDNkHJHSpmV/50V71uW/7YqPKmEsQ4F4aUBmeJ/PlQdk0crWlzy03akf\nhuEWunsGuwNpjAviCH6mWDkQD34rv31GSwjnswIDAQABAoIBAQCTrH5T+ke3M9xz\nid3HgVx0jf2MSCQ0xN7XDpHk7g3RvXQLtSzE7iasLsR5ruCkZuDbfZTiaU9wqS37\nuCFxj41SHge7U//lgoegK3bUo9S0Dhkq2cXMxHO0q1cAyZkIq7aSrTmiNjhGF5TO\n09yZDWkdKl/s80C8+60ZSt1PbFO1Z6WKERayDQ0Kf3AemhQQovfPcmDERa3cMmNW\noaL3v7imuFw+vlhCgl5KjlmDWpAMXsYn9EGUNQ+6gP4qfeep8qEWeKLQhp79+e/X\ntYm6NCWkok5ymP0IEivD96oE3orBGDgj8xLTra2h3K3XftBaPPxagWWgdVp9blyB\nYB945k5hAoGBAO1Jk4VAkX7/fe/mHPlxbdWrK+36R5vMLoi2ipthPTRbXi0yeynZ\nDqWBeo1B9BMckWC/dMNmw7qlg5Qj771njcrCqjeIhmlh58pAXbAS7tJ/9OgZh2ZW\n0qiLhnC8Q3flR5dRjb0iJ9uqq2fh0EVHIyl52Zaum6YlR8WhwXgvL581AoGBAOan\n1LBIA0LEE3sBBSIYXhaOq0xzIhiocg0AI0fzpD0C3jApQF10zv88GDC7Y+w8fsP5\ntTyq/LRC8p2Zln/HCBXc74HGdG0Sm9fDLXOTgujzB86mOlk6wbUPrrREiB5XRr89\ndXHfh3rmfgdg2mxyQZss9UYff3JzJ3sWT3gZPMBHAoGBAMo4pgwt1tFQk9dbWN4M\nmPo7gpixb02LWS0RxFZfLHXuV/hUyToEzcKm8fZoesW+1vaIs83DSpNKczRQ3AOi\nuOhPthjVtRciZROsfyuLNxUWD3WuLAI/hBA3uD9jcmw/bh+7VPwWm7lNXf6OJ5yi\n34h9W75a2DNkGiKHlAYE0KTxAoGBAIVKFy6Hbtr2VAuQ21aInlaKu5LCNcHqFX5N\nxhWeRhq7vYo3TGq1RalZIOGIaIXrr5Wwh3s3lDDXPzyztLTCX3nC4uUrubwONODK\neUmAxPW4+5n/lVhbC/WFyn+B2uctqER7T5MuiSwMZmf9IDvrCt6RbGvJZ+zLftUy\nX1oXu3OhAoGAcPzHRU9pUcSu5Z9/rQZ2OTvIbd5nAxQhfnU7S2dC4GvuWcWPOqWL\n7pciWy1lrDNwIoIdvqwHaX/CAiayYGdVUx7z11QOig6jHdGa205c6+L2h2xu+kWx\njgPOghi4Qy2WUkA6NpmQDnf32Y6igtOmpbO1/Ko+DEbEyHz8lYficEE=\n-----END RSA PRIVATE KEY-----\n",
            "public_key_fingerprint_md5": "14:4c:b5:35:be:52:e2:79:71:e4:24:b6:91:52:b4:dc",
            "public_key_openssh": "ssh-rsa AAAAB3NzaC1yc2EAAAADAQABAAABAQDVy6qtR29TVTAoB4R/fHWpa9htJ7PLqVZdrkyGAWsEnEwl9vRRIoRj7KPpwpMwkHDvxaPu43C7E+vZlEN3A4uOsEWidhlYCAls79II+RAgxVQWRokS8kWWiUi0Pwgtz7kNTMbhE5TBoi9nfn4SMtGS8Sq6GNMZVnIsPwOE6BuESkbGqyYCwTls9J/wCSBqxyb8ZG2/FoR8xa4sJ56pnGI52DdlP3hhFfOIvAxV0HM0rp3fkLUhDu1bJ0YkM2QckdKmZX/nRXvW5b/tio8qYSxDgXhpQGZ4n8+VB2TRytaXPLTdqR+G4Ra6ewa7A2mMC+IIfqZYORAPfiu/fUZLCOez\n",
            "public_key_pem": "-----BEGIN PUBLIC KEY-----\nMIIBIjANBgkqhkiG9w0BAQEFAAOCAQ8AMIIBCgKCAQEA1cuqrUdvU1UwKAeEf3x1\nqWvYbSezy6lWXa5MhgFrBJxMJfb0USKEY+yj6cKTMJBw78Wj7uNwuxPr2ZRDdwOL\njrBFonYZWAgJbO/SCPkQIMVUFkaJEvJFlolItD8ILc+5DUzG4ROUwaIvZ35+EjLR\nkvEquhjTGVZyLD8DhOgbhEpGxqsmAsE5bPSf8Akgascm/GRtvxaEfMWuLCeeqZxi\nOdg3ZT94YRXziLwMVdBzNK6d35C1IQ7tWydGJDNkHJHSpmV/50V71uW/7YqPKmEs\nQ4F4aUBmeJ/PlQdk0crWlzy03akfhuEWunsGuwNpjAviCH6mWDkQD34rv31GSwjn\nswIDAQAB\n-----END PUBLIC KEY-----\n",
            "rsa_bits": 2048
          },
          "sensitive_attributes": [],
          "private": "bnVsbA=="
        }
      ]
    },
    {
      "module": "module.cloud_dns",
      "mode": "managed",
      "type": "google_dns_managed_zone",
      "name": "vault_dns_zone",
      "provider": "provider[\"registry.terraform.io/hashicorp/google\"]",
      "instances": [
        {
          "schema_version": 0,
          "attributes": {
            "description": "Vault DNS zone managed by Terraform (do not modify manually)",
            "dns_name": "aribansal.com.",
            "dnssec_config": [
              {
                "default_key_specs": [
                  {
                    "algorithm": "rsasha256",
                    "key_length": 2048,
                    "key_type": "keySigning",
                    "kind": "dns#dnsKeySpec"
                  },
                  {
                    "algorithm": "rsasha256",
                    "key_length": 1024,
                    "key_type": "zoneSigning",
                    "kind": "dns#dnsKeySpec"
                  }
                ],
                "kind": "dns#managedZoneDnsSecConfig",
                "non_existence": "nsec3",
                "state": "on"
              }
            ],
            "force_destroy": false,
            "forwarding_config": [],
            "id": "projects/dev-hashi/managedZones/vault",
            "labels": {},
            "name": "vault",
            "name_servers": [
              "ns-cloud-b1.googledomains.com.",
              "ns-cloud-b2.googledomains.com.",
              "ns-cloud-b3.googledomains.com.",
              "ns-cloud-b4.googledomains.com."
            ],
            "peering_config": [],
            "private_visibility_config": [],
            "project": "dev-hashi",
            "timeouts": null,
            "visibility": "public"
          },
          "sensitive_attributes": [],
          "private": "eyJlMmJmYjczMC1lY2FhLTExZTYtOGY4OC0zNDM2M2JjN2M0YzAiOnsiY3JlYXRlIjoyNDAwMDAwMDAwMDAsImRlbGV0ZSI6MjQwMDAwMDAwMDAwLCJ1cGRhdGUiOjI0MDAwMDAwMDAwMH19"
        }
      ]
    },
    {
      "module": "module.cloud_dns",
      "mode": "managed",
      "type": "google_dns_record_set",
      "name": "vault_dns_record_set",
      "provider": "provider[\"registry.terraform.io/hashicorp/google\"]",
      "instances": [
        {
          "schema_version": 0,
          "attributes": {
            "id": "projects/dev-hashi/managedZones/vault/rrsets/aribansal.com./A",
            "managed_zone": "vault",
            "name": "aribansal.com.",
            "project": "dev-hashi",
            "rrdatas": [
              "34.106.219.91"
            ],
            "ttl": 3600,
            "type": "A"
          },
          "sensitive_attributes": [],
          "private": "bnVsbA==",
          "dependencies": [
            "module.cloud_dns.google_dns_managed_zone.vault_dns_zone",
            "module.external_ip_address.google_compute_address.vault_ext_ip_address"
          ]
        }
      ]
    },
    {
      "module": "module.external_ip_address",
      "mode": "managed",
      "type": "google_compute_address",
      "name": "vault_ext_ip_address",
      "provider": "provider[\"registry.terraform.io/hashicorp/google\"]",
      "instances": [
        {
          "schema_version": 0,
          "attributes": {
            "address": "34.106.219.91",
            "address_type": "EXTERNAL",
            "creation_timestamp": "2022-02-02T00:24:45.225-08:00",
            "description": "",
            "id": "projects/dev-hashi/regions/us-west3/addresses/vault-external-ip",
            "name": "vault-external-ip",
            "network": "",
            "network_tier": "PREMIUM",
            "prefix_length": 0,
            "project": "dev-hashi",
            "purpose": "",
            "region": "us-west3",
            "self_link": "https://www.googleapis.com/compute/v1/projects/dev-hashi/regions/us-west3/addresses/vault-external-ip",
            "subnetwork": "",
            "timeouts": null,
            "users": []
          },
          "sensitive_attributes": [],
          "private": "eyJlMmJmYjczMC1lY2FhLTExZTYtOGY4OC0zNDM2M2JjN2M0YzAiOnsiY3JlYXRlIjoyNDAwMDAwMDAwMDAsImRlbGV0ZSI6MjQwMDAwMDAwMDAwfX0="
        }
      ]
    },
    {
      "module": "module.gke-cluster",
      "mode": "managed",
      "type": "google_container_cluster",
      "name": "primary",
      "provider": "module.gke-cluster.provider[\"registry.terraform.io/hashicorp/google\"]",
      "instances": [
        {
          "schema_version": 1,
          "attributes": {
            "addons_config": [
              {
                "cloudrun_config": [],
                "horizontal_pod_autoscaling": [],
                "http_load_balancing": [],
                "network_policy_config": [
                  {
                    "disabled": true
                  }
                ]
              }
            ],
            "authenticator_groups_config": [],
            "cluster_autoscaling": [
              {
                "auto_provisioning_defaults": [],
                "enabled": false,
                "resource_limits": []
              }
            ],
            "cluster_ipv4_cidr": "10.252.0.0/14",
            "confidential_nodes": [],
            "database_encryption": [
              {
                "key_name": "",
                "state": "DECRYPTED"
              }
            ],
            "datapath_provider": "",
            "default_max_pods_per_node": null,
            "default_snat_status": [
              {
                "disabled": false
              }
            ],
            "description": "",
            "dns_config": [],
            "enable_autopilot": false,
            "enable_binary_authorization": true,
            "enable_intranode_visibility": false,
            "enable_kubernetes_alpha": false,
            "enable_legacy_abac": false,
            "enable_shielded_nodes": true,
            "enable_tpu": false,
            "endpoint": "34.106.105.244",
            "id": "projects/dev-hashi/locations/us-west3-c/clusters/vault",
            "initial_node_count": 1,
            "ip_allocation_policy": [],
            "label_fingerprint": "a9dc16a7",
            "location": "us-west3-c",
            "logging_config": [
              {
                "enable_components": [
                  "SYSTEM_COMPONENTS",
                  "WORKLOADS"
                ]
              }
            ],
            "logging_service": "logging.googleapis.com/kubernetes",
            "maintenance_policy": [
              {
                "daily_maintenance_window": [
                  {
                    "duration": "PT4H0M0S",
                    "start_time": "03:00"
                  }
                ],
                "maintenance_exclusion": [],
                "recurring_window": []
              }
            ],
            "master_auth": [
              {
                "client_certificate": "",
                "client_certificate_config": [
                  {
                    "issue_client_certificate": false
                  }
                ],
                "client_key": "",
                "cluster_ca_certificate": "LS0tLS1CRUdJTiBDRVJUSUZJQ0FURS0tLS0tCk1JSUVMVENDQXBXZ0F3SUJBZ0lSQUpOdERiL1I1UTlPdFpYT3hZbkxwdEF3RFFZSktvWklodmNOQVFFTEJRQXcKTHpFdE1Dc0dBMVVFQXhNa1kyVmpaalJoTXpBdE16ZGtNeTAwWVdReUxXSm1PVFF0TW1Kak5tWXlNbVkyTUdNegpNQ0FYRFRJeU1ESXdNakEzTWpRME9Gb1lEekl3TlRJd01USTJNRGd5TkRRNFdqQXZNUzB3S3dZRFZRUURFeVJqClpXTm1OR0V6TUMwek4yUXpMVFJoWkRJdFltWTVOQzB5WW1NMlpqSXlaall3WXpNd2dnR2lNQTBHQ1NxR1NJYjMKRFFFQkFRVUFBNElCandBd2dnR0tBb0lCZ1FDcGhxN3RyVElUSDJPVFpRTjhCWE9HQ1ZabG9wQVBPRitodmtYVwprYStnV1M0OVR3RW8zaFpUUUczY2l4NGQ1MXYxcExoQTJ6SCtKVC96Z1UzUWQrY0llT1hKdlRxYnorTUtrOGZjCk9IUkthNUN4OUpNckprRlYzdGc0eFFyN0FkWmxtMG5lejN5S2JHRjY5N0t2NExRSEhTNTBETEpQVWZPT21jYVkKRmtScEVuYkpreHJ1NTNaM0QvSWpmQmNjTGhzUmtvcTY5aTFSTDR6N2RBWlhUUzIwNE8xbkhvbnlwNTZVejFPZgpmZkYrVkRIanpKdVBqYy9WMmtTcmN6Qk5oTE9UMGNHaTdkRnR3VlEvYTRWK2ZxNGFtV2RCTHNTbDVCenZsN2hGCkxScUlCeVZIYjkwd3cvZi95N0duYnI2aVExUjBjUXljdkQ1RzFPTW0xMk8vQ2xqbmpocGhtbTJIbHhOUlVDcW8KWEo4TVpNenptVlJjTUp4OHZJcWk0T05sSXJVQ3Z3Mk1TeWlrUGh1Nmw4cDRwYVJZSE1teDFSL1RueWxnRWZiWApwNDg2QUgrQmthb0kyRzh3S0Q1T0h6eXFpWmlUYWtnUmx6ZFpFcWFLVTJGRklDREhhRXRhYjMyWXMvb1k3Y3RDCkwxNkt4cjBzUVp3Rm9DNFlUTU5xb2pyd3JoRUNBd0VBQWFOQ01FQXdEZ1lEVlIwUEFRSC9CQVFEQWdJRU1BOEcKQTFVZEV3RUIvd1FGTUFNQkFmOHdIUVlEVlIwT0JCWUVGQlc3YU9uVHE3emtrM3AyQkVLUlpZdXpYaWhiTUEwRwpDU3FHU0liM0RRRUJDd1VBQTRJQmdRQ1NwSFowcXJjTzNEbXZjd1o4K0NZb1oxTjVJalo4TDFmeUQzUzFYSjJjClBRZkxtSGRGYWJ5MXVmSmVLc0NPc2ZTQU1vWktBOFFWNjQ4M1I2SFN4SlZhR0ppWldNbUVNZTFtTTkxcTZEWlYKTDVMbmF6NmsxRmcrV3pwTzBmZ21UNHYwMnRNaDVZaUJLNDlGNmJHaHhBQXlkWnM0bHhWdEppVVkxelN4RGE2QQpIQ2NaRVMyQ3Q1UVFJTWhrS1M3eXZYUVRKMzRNZUloSlhtN3pJVFhKblA1S1Z1aThIZnBKeXBiZG91TURDR3pTCjZySzQ5eVkwelZGNGpja2xaMEJud0hiNTNPQXZhUEFBNnZQTUxHZmFLcWw0d0kvNjJDcnJDbmhOUUVHdFYxeFUKcWlrRjN2N0xob1FieDJ6OXdPZEZmcXZFTDV6ZExXNW8zMU1xanJQVnJmVE9ndHBFQzF1cWpZaSttZlh4QjI1MgpRRjhzOGV1OUJLQU83d05nTU14T3ZYMVl5aFlydlV1eXh0ZkFsSXdSa1E4OWI0UEhPbEUwVWpUWkZmck54c2tuCnZSZzQzQTFjYk5kNjBPNmJhTFhmaGo1UmxseHJ4UjhDc3BjSlhlRzgwNzZHL25aSlNlU09pNnJNQ1lyQi81OHoKMG9EMmZIUFA1dlpvaVlLM2VRQnZ0czA9Ci0tLS0tRU5EIENFUlRJRklDQVRFLS0tLS0K"
              }
            ],
            "master_authorized_networks_config": [],
            "master_version": "1.21.6-gke.1500",
            "min_master_version": null,
            "monitoring_config": [
              {
                "enable_components": [
                  "SYSTEM_COMPONENTS"
                ]
              }
            ],
            "monitoring_service": "monitoring.googleapis.com/kubernetes",
            "name": "vault",
            "network": "projects/dev-hashi/global/networks/hashi-vpc",
            "network_policy": [
              {
                "enabled": false,
                "provider": "PROVIDER_UNSPECIFIED"
              }
            ],
            "networking_mode": "ROUTES",
            "node_config": [
              {
                "boot_disk_kms_key": "",
                "disk_size_gb": 100,
                "disk_type": "pd-standard",
                "gcfs_config": [],
                "guest_accelerator": [],
                "image_type": "COS",
                "labels": {},
                "local_ssd_count": 0,
                "machine_type": "n1-standard-1",
                "metadata": {
                  "disable-legacy-endpoints": "true"
                },
                "min_cpu_platform": "",
                "node_group": "",
                "oauth_scopes": [
                  "https://www.googleapis.com/auth/cloud-platform",
                  "https://www.googleapis.com/auth/cloudkms",
                  "https://www.googleapis.com/auth/compute",
                  "https://www.googleapis.com/auth/devstorage.read_only",
                  "https://www.googleapis.com/auth/logging.write",
                  "https://www.googleapis.com/auth/monitoring"
                ],
                "preemptible": false,
                "service_account": "vault-gcpkms@dev-hashi.iam.gserviceaccount.com",
                "shielded_instance_config": [
                  {
                    "enable_integrity_monitoring": true,
                    "enable_secure_boot": false
                  }
                ],
                "tags": [],
                "taint": [],
                "workload_metadata_config": []
              }
            ],
            "node_locations": [],
            "node_pool": [
              {
                "autoscaling": [],
                "initial_node_count": 3,
                "instance_group_urls": [
                  "https://www.googleapis.com/compute/v1/projects/dev-hashi/zones/us-west3-c/instanceGroupManagers/gke-vault-vault-node-pool-03f7367b-grp"
                ],
                "managed_instance_group_urls": [
                  "https://www.googleapis.com/compute/v1/projects/dev-hashi/zones/us-west3-c/instanceGroups/gke-vault-vault-node-pool-03f7367b-grp"
                ],
                "management": [
                  {
                    "auto_repair": true,
                    "auto_upgrade": true
                  }
                ],
                "max_pods_per_node": 0,
                "name": "vault-node-pool",
                "name_prefix": "",
                "node_config": [
                  {
                    "boot_disk_kms_key": "",
                    "disk_size_gb": 100,
                    "disk_type": "pd-standard",
                    "gcfs_config": [],
                    "guest_accelerator": [],
                    "image_type": "COS",
                    "labels": {},
                    "local_ssd_count": 0,
                    "machine_type": "n1-standard-1",
                    "metadata": {
                      "disable-legacy-endpoints": "true"
                    },
                    "min_cpu_platform": "",
                    "node_group": "",
                    "oauth_scopes": [
                      "https://www.googleapis.com/auth/cloud-platform",
                      "https://www.googleapis.com/auth/cloudkms",
                      "https://www.googleapis.com/auth/compute",
                      "https://www.googleapis.com/auth/devstorage.read_only",
                      "https://www.googleapis.com/auth/logging.write",
                      "https://www.googleapis.com/auth/monitoring"
                    ],
                    "preemptible": false,
                    "service_account": "vault-gcpkms@dev-hashi.iam.gserviceaccount.com",
                    "shielded_instance_config": [
                      {
                        "enable_integrity_monitoring": true,
                        "enable_secure_boot": false
                      }
                    ],
                    "tags": [],
                    "taint": [],
                    "workload_metadata_config": []
                  }
                ],
                "node_count": 3,
                "node_locations": [
                  "us-west3-c"
                ],
                "upgrade_settings": [
                  {
                    "max_surge": 1,
                    "max_unavailable": 0
                  }
                ],
                "version": "1.21.6-gke.1500"
              }
            ],
            "node_version": "1.21.6-gke.1500",
            "operation": null,
            "private_cluster_config": [],
            "private_ipv6_google_access": "",
            "project": "dev-hashi",
            "release_channel": [
              {
                "channel": "REGULAR"
              }
            ],
            "remove_default_node_pool": true,
            "resource_labels": {},
            "resource_usage_export_config": [],
            "self_link": "https://container.googleapis.com/v1/projects/dev-hashi/zones/us-west3-c/clusters/vault",
            "services_ipv4_cidr": "10.255.240.0/20",
            "subnetwork": "projects/dev-hashi/regions/us-west3/subnetworks/hash-vault",
            "timeouts": null,
            "tpu_ipv4_cidr_block": "",
            "vertical_pod_autoscaling": [],
            "workload_identity_config": []
          },
          "sensitive_attributes": [],
          "private": "eyJlMmJmYjczMC1lY2FhLTExZTYtOGY4OC0zNDM2M2JjN2M0YzAiOnsiY3JlYXRlIjoyNDAwMDAwMDAwMDAwLCJkZWxldGUiOjI0MDAwMDAwMDAwMDAsInJlYWQiOjI0MDAwMDAwMDAwMDAsInVwZGF0ZSI6MzYwMDAwMDAwMDAwMH0sInNjaGVtYV92ZXJzaW9uIjoiMSJ9"
        }
      ]
    },
    {
      "module": "module.gke-cluster",
      "mode": "managed",
      "type": "google_container_node_pool",
      "name": "vault_node_pool",
      "provider": "module.gke-cluster.provider[\"registry.terraform.io/hashicorp/google\"]",
      "instances": [
        {
          "schema_version": 1,
          "attributes": {
            "autoscaling": [],
            "cluster": "vault",
            "id": "projects/dev-hashi/locations/us-west3-c/clusters/vault/nodePools/vault-node-pool",
            "initial_node_count": 3,
            "instance_group_urls": [
              "https://www.googleapis.com/compute/v1/projects/dev-hashi/zones/us-west3-c/instanceGroupManagers/gke-vault-vault-node-pool-03f7367b-grp"
            ],
            "location": "us-west3-c",
            "managed_instance_group_urls": [
              "https://www.googleapis.com/compute/v1/projects/dev-hashi/zones/us-west3-c/instanceGroups/gke-vault-vault-node-pool-03f7367b-grp"
            ],
            "management": [
              {
                "auto_repair": true,
                "auto_upgrade": true
              }
            ],
            "max_pods_per_node": null,
            "name": "vault-node-pool",
            "name_prefix": "",
            "node_config": [
              {
                "boot_disk_kms_key": "",
                "disk_size_gb": 100,
                "disk_type": "pd-standard",
                "gcfs_config": [],
                "guest_accelerator": [],
                "image_type": "COS",
                "labels": {},
                "local_ssd_count": 0,
                "machine_type": "n1-standard-1",
                "metadata": {
                  "disable-legacy-endpoints": "true"
                },
                "min_cpu_platform": "",
                "node_group": "",
                "oauth_scopes": [
                  "https://www.googleapis.com/auth/cloud-platform",
                  "https://www.googleapis.com/auth/cloudkms",
                  "https://www.googleapis.com/auth/compute",
                  "https://www.googleapis.com/auth/devstorage.read_only",
                  "https://www.googleapis.com/auth/logging.write",
                  "https://www.googleapis.com/auth/monitoring"
                ],
                "preemptible": false,
                "service_account": "vault-gcpkms@dev-hashi.iam.gserviceaccount.com",
                "shielded_instance_config": [
                  {
                    "enable_integrity_monitoring": true,
                    "enable_secure_boot": false
                  }
                ],
                "tags": [],
                "taint": [],
                "workload_metadata_config": []
              }
            ],
            "node_count": 3,
            "node_locations": [
              "us-west3-c"
            ],
            "operation": null,
            "project": "dev-hashi",
            "timeouts": null,
            "upgrade_settings": [
              {
                "max_surge": 1,
                "max_unavailable": 0
              }
            ],
            "version": "1.21.6-gke.1500"
          },
          "sensitive_attributes": [],
          "private": "eyJlMmJmYjczMC1lY2FhLTExZTYtOGY4OC0zNDM2M2JjN2M0YzAiOnsiY3JlYXRlIjoxODAwMDAwMDAwMDAwLCJkZWxldGUiOjE4MDAwMDAwMDAwMDAsInVwZGF0ZSI6MTgwMDAwMDAwMDAwMH0sInNjaGVtYV92ZXJzaW9uIjoiMSJ9",
          "dependencies": [
            "module.gke-cluster.google_container_cluster.primary",
            "module.unseal_kms.google_service_account.vault_kms_service_account"
          ]
        }
      ]
    },
    {
      "module": "module.randomized",
      "mode": "managed",
      "type": "random_pet",
      "name": "friendly_key_name",
      "provider": "provider[\"registry.terraform.io/hashicorp/random\"]",
      "instances": [
        {
          "schema_version": 0,
          "attributes": {
            "id": "vault_unseal_key_poetic_doe",
            "keepers": null,
            "length": 2,
            "prefix": "vault_unseal_key",
            "separator": "_"
          },
          "sensitive_attributes": [],
          "private": "bnVsbA=="
        }
      ]
    },
    {
      "module": "module.randomized",
      "mode": "managed",
      "type": "random_pet",
      "name": "friendly_keyring_name",
      "provider": "provider[\"registry.terraform.io/hashicorp/random\"]",
      "instances": [
        {
          "schema_version": 0,
          "attributes": {
            "id": "vault_unseal_keyring_infinite_dog",
            "keepers": null,
            "length": 2,
            "prefix": "vault_unseal_keyring",
            "separator": "_"
          },
          "sensitive_attributes": [],
          "private": "bnVsbA=="
        }
      ]
    },
    {
      "module": "module.tls",
      "mode": "managed",
      "type": "local_file",
      "name": "ca-tls-certificate",
      "provider": "provider[\"registry.terraform.io/hashicorp/local\"]",
      "instances": [
        {
          "schema_version": 0,
          "attributes": {
            "content": "-----BEGIN CERTIFICATE-----\nMIIDXzCCAkegAwIBAgIRAMa67+u1VLgWtcN+KYEDRKEwDQYJKoZIhvcNAQELBQAw\nSTEWMBQGA1UEBhMNVW5pdGVkIFN0YXRlczEXMBUGA1UEChMOQXJpIHRlc3QsIElu\nYy4xFjAUBgNVBAMTDWFyaWJhbnNhbC5jb20wHhcNMjIwMjAyMDgyNDQzWhcNMjIw\nODAxMDgyNDQzWjBJMRYwFAYDVQQGEw1Vbml0ZWQgU3RhdGVzMRcwFQYDVQQKEw5B\ncmkgdGVzdCwgSW5jLjEWMBQGA1UEAxMNYXJpYmFuc2FsLmNvbTCCASIwDQYJKoZI\nhvcNAQEBBQADggEPADCCAQoCggEBAKHwCcqx1Z2pYylWh44Ao+ZralzQ7ZNyehG4\n/hLSJntR8/DwDXEkHa+EAW1xnWY/hF+X3DlPgCxLU5vglFxkdL8HpLrLtCXYcbi7\nuStCwpcWaF+3V0OLjt7TNgmp44dEsCLaTmi+WQP+QwbSiD79X6kp3Do70phQWqgf\nRaKGhtKYykWgXJ+ENL9Rmpam7grQ7M68Wo8cJIoEnTMpNW5dlJ3fCLuaJ+OARMO7\n3gEWdZMW553wSuhr1EU6/2CdjEPXgFd7l5YTz6ll6iNeQeRvOOc7aeMCXhG3uhJi\noGrU9bxuSbWOKiz0rQayYMFCxLJhtYzx8EqGpMtg2A+0VYkqqX0CAwEAAaNCMEAw\nDgYDVR0PAQH/BAQDAgKkMA8GA1UdEwEB/wQFMAMBAf8wHQYDVR0OBBYEFDbFMWMv\nqIDZRxBtG/WwvMo1p7KZMA0GCSqGSIb3DQEBCwUAA4IBAQCSL39o6VbJv50EjN1Q\nsjNQshl57+ENL+Uwad0s0/MSuSJN9+zj453OCF87dtbV05qCAWSVu16F9Hg687C9\nCFwyeLsxqnP5NEYA+Yk23DiXKnX0omIY9UgDP7z4yp1rdDEWF1NAeI+t9ENLdVpK\nBw6CQEMnN/8hqvkPzo+/xeJrnlk8iVaMEpAaYb1/M7SkveXa5o5e49y7oK/T2t9X\nEVZ/XgJ0o5VTQxCLqt9WP/BjhQOIVLxK0JxZH++AwcZRB0F2rGQI5O4MyWfqGvZ4\nHdpXlByxxOj25y+hrBDySGbVcr5etuWEa1k5ZZnxZnam33LDRr/30OOVBVU8T+5P\nGi5P\n-----END CERTIFICATE-----\n",
            "content_base64": null,
            "directory_permission": "0777",
            "file_permission": "0777",
            "filename": "./tls/ca-certificate.cert",
            "id": "5f2b56dc9a485c45f7add397b95f3fb5152ab7d2",
            "sensitive_content": null,
            "source": null
          },
          "sensitive_attributes": [],
          "private": "bnVsbA==",
          "dependencies": [
            "module.tls.tls_private_key.ca",
            "module.tls.tls_self_signed_cert.ca"
          ]
        }
      ]
    },
    {
      "module": "module.tls",
      "mode": "managed",
      "type": "local_file",
      "name": "ca-tls-key",
      "provider": "provider[\"registry.terraform.io/hashicorp/local\"]",
      "instances": [
        {
          "schema_version": 0,
          "attributes": {
            "content": "-----BEGIN RSA PRIVATE KEY-----\nMIIEowIBAAKCAQEAofAJyrHVnaljKVaHjgCj5mtqXNDtk3J6Ebj+EtIme1Hz8PAN\ncSQdr4QBbXGdZj+EX5fcOU+ALEtTm+CUXGR0vwekusu0JdhxuLu5K0LClxZoX7dX\nQ4uO3tM2Canjh0SwItpOaL5ZA/5DBtKIPv1fqSncOjvSmFBaqB9FooaG0pjKRaBc\nn4Q0v1GalqbuCtDszrxajxwkigSdMyk1bl2Und8Iu5on44BEw7veARZ1kxbnnfBK\n6GvURTr/YJ2MQ9eAV3uXlhPPqWXqI15B5G845ztp4wJeEbe6EmKgatT1vG5JtY4q\nLPStBrJgwULEsmG1jPHwSoaky2DYD7RViSqpfQIDAQABAoIBAAsCDThZJGNGS3ZY\n6ngNtRaJwL40eaHnS0L/J05SOMlzRbjgKJnDUb1HpO0ypvd3Y+E3qoG+1MCuEi3r\nc0pgjcsakukbxdA4yWo8YJb/P8kTfd7b0LPHvduJ0geQI+ZjFfIYkvHt1pE97IJ/\nN0HI6YLPVKgkvukZtT/ueEZXDL0uCAR48Po9AO/ogMcIrfwyXt6eOF+U4yrFglDi\n4j9cHIEKR/VyLsw53EX/YVZoZjcvlUkV5PWkqjNI+DLZS+UiEW3HIHsm8xjoly+7\nvsVSjs+n+R+FR2Pracf8UNDl0o63Hh6joy9V3U+6BKGPxqnK+zTT5TisHJCLGBk6\nRcWfxkECgYEA1N1FjcfNQN44sEN1O0aZ/TLaytPT4ZmcT+hnuKd0KUSK9i4pFehq\nlrmZCL25MOOfWctJoBCEJ2ZFR14UICqmLFiAiR9tJM6ejH1sDg2o7SZ99GDZfol3\nKTsecdOX8V5JY7m05NFUOOGzNC4em0CIma1b2ogUnJhMDoOcKTdKsO0CgYEAwsDZ\n1X+CXQrnzVUfIvE+3LQ9j6DGz4O0flfYlH7U+FsQjYpF5q/xKWwEL4zuyZ9U0aYb\nQh0rjHbiNfr7Cthu9EVIu3hZpuXUZ5IgB4fbuN0jswYD7eL/l3vWF+FjFtcQ6RnN\nGUjywwIKPnhXARKYD2outI5dRipAXX9Q8nXCGNECgYEAxOdWIpuzKxEk4S/VbpqV\ncVkseLjP430j0esKnw4Pbukfni//A2v1xS0z+Zj+iNHWIsrgdTcx9/wrk6Pb/BFX\nm+fWJoGyhXy3vv96B9ns7EpR8s/wAJQKbVJpjCOOBtEQFDbBtXRJc0Ccc2VCHJzq\nfzWUpSaB4oUivb5SovGpntUCgYABEqDgjTBBpPK77dEbFysaeh+wr9kIgZg37fHy\nd3Ri3dWMggt6htOUP9USEfuqvqbv9LNHvPNlda4vT++cEq8hx1PsPHB5++AcpfBp\nOjVaolU1Aj55S/vOcM8wGHy8PnkIX60Ci6VSr6swxubryZdu1k3ljrcy0L7EBRSE\nEWP9UQKBgDxvT1iBjEfrSOKjq/Xn/nwJ0IJpTcNVJ2/mJtW9RVWDo+SyylOT0b/W\nik8+o2v3oG5dw3Qs3qBzqEXS4Jx77vYozwutETP9gFTIdJU5noRV5zBqmetFjN+W\nNTcdYkOYtlvwbvvJPJm9uRlggtfeVUTOp0F323+7hsPKZM761jeR\n-----END RSA PRIVATE KEY-----\n",
            "content_base64": null,
            "directory_permission": "0777",
            "file_permission": "0777",
            "filename": "./tls/ca-private.key",
            "id": "2100d3ac05d9094e740958074341238cef412afc",
            "sensitive_content": null,
            "source": null
          },
          "sensitive_attributes": [
            [
              {
                "type": "get_attr",
                "value": "content"
              }
            ]
          ],
          "private": "bnVsbA==",
          "dependencies": [
            "module.tls.tls_private_key.ca"
          ]
        }
      ]
    },
    {
      "module": "module.tls",
      "mode": "managed",
      "type": "local_file",
      "name": "tls-certificate",
      "provider": "provider[\"registry.terraform.io/hashicorp/local\"]",
      "instances": [
        {
          "schema_version": 0,
          "attributes": {
            "content": "-----BEGIN CERTIFICATE-----\nMIIDdzCCAl+gAwIBAgIRANqo+eNPvP7C9FxZYassPfkwDQYJKoZIhvcNAQELBQAw\nSTEWMBQGA1UEBhMNVW5pdGVkIFN0YXRlczEXMBUGA1UEChMOQXJpIHRlc3QsIElu\nYy4xFjAUBgNVBAMTDWFyaWJhbnNhbC5jb20wHhcNMjIwMjAyMDgyNDQ0WhcNMjIw\nODAxMDgyNDQ0WjA/MSIwIAYDVQQKExlWYXVsdCBQcml2YXRlIENlcnRpZmljYXRl\nMRkwFwYDVQQDDBAqLnZhdWx0LWludGVybmFsMIIBIjANBgkqhkiG9w0BAQEFAAOC\nAQ8AMIIBCgKCAQEAt+jWQZq0jXbJWm/+PRXyNDM43dHdnpGDwRSjr8VcyWF4dd3W\nDErXJxvsZF4CEK9bMFmHppVRodQmSyRtDAKNHYGSRa5oPNU58TmnvJOov8kpJo+v\n2v6AW9db6bTSKrflfBvdOWwM4094NuZudbSHatxfrzC08P3tqneILzKZD3sEtw49\nnD2AMMmF4Gh5zCju7Z5MIdQeCpr0B6CsqQlOSRo8ehr9osrR00Fb7ZqCHw1IKmZB\ncMXlNsZjLDQpYLF48+teeMR4XbBYzQeOtD5RMZoym3CTW2r4pwGf5G+oE6rAgNWf\nGhHBcp4xpO7btpzZ0UGyZNiXH0Da/yMjuCNTsQIDAQABo2QwYjAOBgNVHQ8BAf8E\nBAMCBaAwDAYDVR0TAQH/BAIwADAfBgNVHSMEGDAWgBQ2xTFjL6iA2UcQbRv1sLzK\nNaeymTAhBgNVHREEGjAYghAqLnZhdWx0LWludGVybmFshwR/AAABMA0GCSqGSIb3\nDQEBCwUAA4IBAQCGlhsbSj9iOJBro1VipZGwn9jKaE3Ms3Z/hl1+9JWec4bQAJdM\nPAqvgqzEaxbwBgVrD/S5bLhU4h2tbgR0JCgTb920WGsIAjJB2a/L5dcLUxQ1uV9C\nwEdWeeUKUN169fjZMVwG0/QIAK5UcTt7uesxugeI0NY0ix5ibFJ9qdQCdUpdFcaf\nEMdktc5Fzz71P3rHlU8O8W5D6jdUTbCV8AOb5qHsMc1Iz14fvmXvXhOdvlsBdCw5\nksjDat+FmghF7NS43dSvN7TwpH5Rx9KjYodsJFXGAHctwpLE2SYxAWNmrRS/UA1s\n/eeInF7Yz080GH01cvtEFJtlLiMpu6licHU/\n-----END CERTIFICATE-----\n\n-----BEGIN CERTIFICATE-----\nMIIDXzCCAkegAwIBAgIRAMa67+u1VLgWtcN+KYEDRKEwDQYJKoZIhvcNAQELBQAw\nSTEWMBQGA1UEBhMNVW5pdGVkIFN0YXRlczEXMBUGA1UEChMOQXJpIHRlc3QsIElu\nYy4xFjAUBgNVBAMTDWFyaWJhbnNhbC5jb20wHhcNMjIwMjAyMDgyNDQzWhcNMjIw\nODAxMDgyNDQzWjBJMRYwFAYDVQQGEw1Vbml0ZWQgU3RhdGVzMRcwFQYDVQQKEw5B\ncmkgdGVzdCwgSW5jLjEWMBQGA1UEAxMNYXJpYmFuc2FsLmNvbTCCASIwDQYJKoZI\nhvcNAQEBBQADggEPADCCAQoCggEBAKHwCcqx1Z2pYylWh44Ao+ZralzQ7ZNyehG4\n/hLSJntR8/DwDXEkHa+EAW1xnWY/hF+X3DlPgCxLU5vglFxkdL8HpLrLtCXYcbi7\nuStCwpcWaF+3V0OLjt7TNgmp44dEsCLaTmi+WQP+QwbSiD79X6kp3Do70phQWqgf\nRaKGhtKYykWgXJ+ENL9Rmpam7grQ7M68Wo8cJIoEnTMpNW5dlJ3fCLuaJ+OARMO7\n3gEWdZMW553wSuhr1EU6/2CdjEPXgFd7l5YTz6ll6iNeQeRvOOc7aeMCXhG3uhJi\noGrU9bxuSbWOKiz0rQayYMFCxLJhtYzx8EqGpMtg2A+0VYkqqX0CAwEAAaNCMEAw\nDgYDVR0PAQH/BAQDAgKkMA8GA1UdEwEB/wQFMAMBAf8wHQYDVR0OBBYEFDbFMWMv\nqIDZRxBtG/WwvMo1p7KZMA0GCSqGSIb3DQEBCwUAA4IBAQCSL39o6VbJv50EjN1Q\nsjNQshl57+ENL+Uwad0s0/MSuSJN9+zj453OCF87dtbV05qCAWSVu16F9Hg687C9\nCFwyeLsxqnP5NEYA+Yk23DiXKnX0omIY9UgDP7z4yp1rdDEWF1NAeI+t9ENLdVpK\nBw6CQEMnN/8hqvkPzo+/xeJrnlk8iVaMEpAaYb1/M7SkveXa5o5e49y7oK/T2t9X\nEVZ/XgJ0o5VTQxCLqt9WP/BjhQOIVLxK0JxZH++AwcZRB0F2rGQI5O4MyWfqGvZ4\nHdpXlByxxOj25y+hrBDySGbVcr5etuWEa1k5ZZnxZnam33LDRr/30OOVBVU8T+5P\nGi5P\n-----END CERTIFICATE-----\n",
            "content_base64": null,
            "directory_permission": "0777",
            "file_permission": "0777",
            "filename": "./tls/certificate.cert",
            "id": "0ff88a1fb23e5c987d4564c77fe196ce205e05e1",
            "sensitive_content": null,
            "source": null
          },
          "sensitive_attributes": [],
          "private": "bnVsbA==",
          "dependencies": [
            "module.tls.tls_cert_request.cert",
            "module.tls.tls_locally_signed_cert.cert",
            "module.tls.tls_private_key.ca",
            "module.tls.tls_private_key.cert",
            "module.tls.tls_self_signed_cert.ca"
          ]
        }
      ]
    },
    {
      "module": "module.tls",
      "mode": "managed",
      "type": "local_file",
      "name": "tls-key",
      "provider": "provider[\"registry.terraform.io/hashicorp/local\"]",
      "instances": [
        {
          "schema_version": 0,
          "attributes": {
            "content": "-----BEGIN RSA PRIVATE KEY-----\nMIIEpQIBAAKCAQEAt+jWQZq0jXbJWm/+PRXyNDM43dHdnpGDwRSjr8VcyWF4dd3W\nDErXJxvsZF4CEK9bMFmHppVRodQmSyRtDAKNHYGSRa5oPNU58TmnvJOov8kpJo+v\n2v6AW9db6bTSKrflfBvdOWwM4094NuZudbSHatxfrzC08P3tqneILzKZD3sEtw49\nnD2AMMmF4Gh5zCju7Z5MIdQeCpr0B6CsqQlOSRo8ehr9osrR00Fb7ZqCHw1IKmZB\ncMXlNsZjLDQpYLF48+teeMR4XbBYzQeOtD5RMZoym3CTW2r4pwGf5G+oE6rAgNWf\nGhHBcp4xpO7btpzZ0UGyZNiXH0Da/yMjuCNTsQIDAQABAoIBAQC3V7kZqBhtm0l7\nDoE/9rwCTDpZ8VnmNh1KhL/2gGRTIwfLQX+du5Kom47cNFgMuDTJi8fPS7cZBP20\nFblcqsJx8vWW4Bts4gmksZzGQ9KMeAe9OKvRP71JUfaAk9Kd4b03MDQohc6HYndv\nC+R9FZ+W6eG+LmmEgzHHquiqXN/4bDF8aK6t7mOZCz68zU3CCU0Vz5Pse5/eqztS\no7RHMw4/8yTeyE2eqJLUfnX+/UYrfXL8KNS08u4o0upU4LkTMWLtzERA65+nYLiV\nG6gAYgo6UFu2xUDF/4/BTSPSVCk4PjqImqHKEXgsZOqZuFfnydDYtMLMDFDuL0hD\nhPsZmrZtAoGBAPIKKrlYzVlS/96VP8aIqbe9RzJN1bnVO76pID3UCtYwDo3eyHgR\nPusWB2Vw75onPebUBVxtqYkq12tPRJzthQoRwZe5r8EAIzc640znuIqfkxQdNxej\niNqBd56g95iqMxYDPCtwghF2DHggxvUCc0CB4F5qFU82ZOYVSVuY2Q6LAoGBAMKE\nWYTTRAKt8T6Y6LR1GBkam1+yysZUHj9ffC2S2jQstbpMk4UzS7TY/He2ri9iHjrF\nfVF2e058iE0ZELSHuhv/5u414R1GkLVrZZj98YmRx1Zi+yA2yWwAzkS8+ntDvplo\nWprssCI4ZZviQNaobqrnrEtWKu9QzFo2lckdfAozAoGBAIvsYryZ4MT13aPQxnjA\nwtTM4J7tLlRrOEnFvjTgI4+lYpSTqXL4DVacepQjUPDeJMQP6DWB1BPPJ5AK2FCc\nY1/p2fAb0cYSjUk9ivAHucCx9bYYGaRZzyD63atfxSOFqVjdb+hw91Ce3SCJWluE\nGhq9unb6fu03NedpgOoqF7l3AoGBAMIjF7lSpeFKu6kvManR6DA99u6nYmxZTisP\n4L8Xf0JtkR6UCPP7Q0cG/ct5fxV5hxQ/QRkJ+H1YGy1fo+WaRSxm1pPPIJN4dzsq\nKids5CHaZioY9eyr4ZIyp6vBNPnLnjI8DZnsOsqcoQTY5r+XMYTPXo1+PbHGYX50\nVkB4dfEzAoGABJdCX9uo02ABQFVd5dV15GjKLHSWkQsuuOIvzKIeBZ8P85vrQ78e\nlwF0l4f8pG7+G29GroipJ5TuIxAky9vohwF+8OtI2uLCB7daKYyhO8QxRmRqMNGI\nd5gF4pYI4NifD9z7DWmhJwqT1TowYmrYuuizvuigiBPJM2OeqHC06PQ=\n-----END RSA PRIVATE KEY-----\n",
            "content_base64": null,
            "directory_permission": "0777",
            "file_permission": "0777",
            "filename": "./tls/private.key",
            "id": "c891fe107eb7066039e95d3bd229e39ea5f32851",
            "sensitive_content": null,
            "source": null
          },
          "sensitive_attributes": [
            [
              {
                "type": "get_attr",
                "value": "content"
              }
            ]
          ],
          "private": "bnVsbA==",
          "dependencies": [
            "module.tls.tls_private_key.cert"
          ]
        }
      ]
    },
    {
      "module": "module.tls",
      "mode": "managed",
      "type": "tls_cert_request",
      "name": "cert",
      "provider": "provider[\"registry.terraform.io/hashicorp/tls\"]",
      "instances": [
        {
          "schema_version": 0,
          "attributes": {
            "cert_request_pem": "-----BEGIN CERTIFICATE REQUEST-----\nMIICuDCCAaACAQAwPzEiMCAGA1UEChMZVmF1bHQgUHJpdmF0ZSBDZXJ0aWZpY2F0\nZTEZMBcGA1UEAwwQKi52YXVsdC1pbnRlcm5hbDCCASIwDQYJKoZIhvcNAQEBBQAD\nggEPADCCAQoCggEBALfo1kGatI12yVpv/j0V8jQzON3R3Z6Rg8EUo6/FXMlheHXd\n1gxK1ycb7GReAhCvWzBZh6aVUaHUJkskbQwCjR2BkkWuaDzVOfE5p7yTqL/JKSaP\nr9r+gFvXW+m00iq35Xwb3TlsDONPeDbmbnW0h2rcX68wtPD97ap3iC8ymQ97BLcO\nPZw9gDDJheBoecwo7u2eTCHUHgqa9AegrKkJTkkaPHoa/aLK0dNBW+2agh8NSCpm\nQXDF5TbGYyw0KWCxePPrXnjEeF2wWM0HjrQ+UTGaMptwk1tq+KcBn+RvqBOqwIDV\nnxoRwXKeMaTu27ac2dFBsmTYlx9A2v8jI7gjU7ECAwEAAaA0MDIGCSqGSIb3DQEJ\nDjElMCMwIQYDVR0RBBowGIIQKi52YXVsdC1pbnRlcm5hbIcEfwAAATANBgkqhkiG\n9w0BAQsFAAOCAQEAptpTJ6LtJVWyUnge2Rd7HxIVpZ/nfQcqamWhJkAVEm4g6YpZ\nFzchUJ5lmmYQVGqR39kZbkRxcLA7MzTtoMZMLVbiHVm83GIBtd1Zcw6R5iOD150B\nVV5P+v/Sgr0w4vSDd+zmtFOWR51kcDXJw5TV8OTUOoAQzw+lFZqCKiW30uELRRdp\nzJO4Mda5ULxAeVwfXuBiHIA3XSXo18vtkbOCv4nUkvFvurtok22Fk2/LG3rDGJC6\n6Ddy7LI0DzzogIGUcxGqVnXAaWX6i8Th4ECCdMEboh1O4ycXS/ZzjS7Ny/po8cFo\nh9etKeMNVfCFcTdyHCpA52Raj6EmIJIgES2rKg==\n-----END CERTIFICATE REQUEST-----\n",
            "dns_names": [
              "*.vault-internal"
            ],
            "id": "8615512e91de84474dc15244787f39c9f7dd63e5",
            "ip_addresses": [
              "127.0.0.1"
            ],
            "key_algorithm": "RSA",
            "private_key_pem": "dcacdb23b03cebc65dd0ddd60b29505998e5827a",
            "subject": [
              {
                "common_name": "*.vault-internal",
                "country": "",
                "locality": "",
                "organization": "Vault Private Certificate",
                "organizational_unit": "",
                "postal_code": "",
                "province": "",
                "serial_number": "",
                "street_address": []
              }
            ],
            "uris": null
          },
          "sensitive_attributes": [
            [
              {
                "type": "get_attr",
                "value": "private_key_pem"
              }
            ]
          ],
          "private": "bnVsbA==",
          "dependencies": [
            "module.tls.tls_private_key.cert"
          ]
        }
      ]
    },
    {
      "module": "module.tls",
      "mode": "managed",
      "type": "tls_locally_signed_cert",
      "name": "cert",
      "provider": "provider[\"registry.terraform.io/hashicorp/tls\"]",
      "instances": [
        {
          "schema_version": 0,
          "attributes": {
            "allowed_uses": [
              "key_encipherment",
              "digital_signature"
            ],
            "ca_cert_pem": "a3cf6c4cad40336a9000656f86f5b4346181e0c2",
            "ca_key_algorithm": "RSA",
            "ca_private_key_pem": "892432fc40dda3776320de59d9dd266cbd389407",
            "cert_pem": "-----BEGIN CERTIFICATE-----\nMIIDdzCCAl+gAwIBAgIRANqo+eNPvP7C9FxZYassPfkwDQYJKoZIhvcNAQELBQAw\nSTEWMBQGA1UEBhMNVW5pdGVkIFN0YXRlczEXMBUGA1UEChMOQXJpIHRlc3QsIElu\nYy4xFjAUBgNVBAMTDWFyaWJhbnNhbC5jb20wHhcNMjIwMjAyMDgyNDQ0WhcNMjIw\nODAxMDgyNDQ0WjA/MSIwIAYDVQQKExlWYXVsdCBQcml2YXRlIENlcnRpZmljYXRl\nMRkwFwYDVQQDDBAqLnZhdWx0LWludGVybmFsMIIBIjANBgkqhkiG9w0BAQEFAAOC\nAQ8AMIIBCgKCAQEAt+jWQZq0jXbJWm/+PRXyNDM43dHdnpGDwRSjr8VcyWF4dd3W\nDErXJxvsZF4CEK9bMFmHppVRodQmSyRtDAKNHYGSRa5oPNU58TmnvJOov8kpJo+v\n2v6AW9db6bTSKrflfBvdOWwM4094NuZudbSHatxfrzC08P3tqneILzKZD3sEtw49\nnD2AMMmF4Gh5zCju7Z5MIdQeCpr0B6CsqQlOSRo8ehr9osrR00Fb7ZqCHw1IKmZB\ncMXlNsZjLDQpYLF48+teeMR4XbBYzQeOtD5RMZoym3CTW2r4pwGf5G+oE6rAgNWf\nGhHBcp4xpO7btpzZ0UGyZNiXH0Da/yMjuCNTsQIDAQABo2QwYjAOBgNVHQ8BAf8E\nBAMCBaAwDAYDVR0TAQH/BAIwADAfBgNVHSMEGDAWgBQ2xTFjL6iA2UcQbRv1sLzK\nNaeymTAhBgNVHREEGjAYghAqLnZhdWx0LWludGVybmFshwR/AAABMA0GCSqGSIb3\nDQEBCwUAA4IBAQCGlhsbSj9iOJBro1VipZGwn9jKaE3Ms3Z/hl1+9JWec4bQAJdM\nPAqvgqzEaxbwBgVrD/S5bLhU4h2tbgR0JCgTb920WGsIAjJB2a/L5dcLUxQ1uV9C\nwEdWeeUKUN169fjZMVwG0/QIAK5UcTt7uesxugeI0NY0ix5ibFJ9qdQCdUpdFcaf\nEMdktc5Fzz71P3rHlU8O8W5D6jdUTbCV8AOb5qHsMc1Iz14fvmXvXhOdvlsBdCw5\nksjDat+FmghF7NS43dSvN7TwpH5Rx9KjYodsJFXGAHctwpLE2SYxAWNmrRS/UA1s\n/eeInF7Yz080GH01cvtEFJtlLiMpu6licHU/\n-----END CERTIFICATE-----\n",
            "cert_request_pem": "61d3c6a1a313066ca0e21f61ae2b01285828b6f5",
            "early_renewal_hours": 0,
            "id": "290649077282807508245900115947241094649",
            "is_ca_certificate": null,
            "ready_for_renewal": false,
            "set_subject_key_id": null,
            "validity_end_time": "2022-08-01T01:24:44.032802-07:00",
            "validity_period_hours": 4320,
            "validity_start_time": "2022-02-02T00:24:44.032802-08:00"
          },
          "sensitive_attributes": [
            [
              {
                "type": "get_attr",
                "value": "ca_private_key_pem"
              }
            ]
          ],
          "private": "bnVsbA==",
          "dependencies": [
            "module.tls.tls_cert_request.cert",
            "module.tls.tls_private_key.ca",
            "module.tls.tls_private_key.cert",
            "module.tls.tls_self_signed_cert.ca"
          ]
        }
      ]
    },
    {
      "module": "module.tls",
      "mode": "managed",
      "type": "tls_private_key",
      "name": "ca",
      "provider": "provider[\"registry.terraform.io/hashicorp/tls\"]",
      "instances": [
        {
          "schema_version": 0,
          "attributes": {
            "algorithm": "RSA",
            "ecdsa_curve": "P384",
            "id": "de994632075f6bfabd8087b962bd09ea6210a996",
            "private_key_pem": "-----BEGIN RSA PRIVATE KEY-----\nMIIEowIBAAKCAQEAofAJyrHVnaljKVaHjgCj5mtqXNDtk3J6Ebj+EtIme1Hz8PAN\ncSQdr4QBbXGdZj+EX5fcOU+ALEtTm+CUXGR0vwekusu0JdhxuLu5K0LClxZoX7dX\nQ4uO3tM2Canjh0SwItpOaL5ZA/5DBtKIPv1fqSncOjvSmFBaqB9FooaG0pjKRaBc\nn4Q0v1GalqbuCtDszrxajxwkigSdMyk1bl2Und8Iu5on44BEw7veARZ1kxbnnfBK\n6GvURTr/YJ2MQ9eAV3uXlhPPqWXqI15B5G845ztp4wJeEbe6EmKgatT1vG5JtY4q\nLPStBrJgwULEsmG1jPHwSoaky2DYD7RViSqpfQIDAQABAoIBAAsCDThZJGNGS3ZY\n6ngNtRaJwL40eaHnS0L/J05SOMlzRbjgKJnDUb1HpO0ypvd3Y+E3qoG+1MCuEi3r\nc0pgjcsakukbxdA4yWo8YJb/P8kTfd7b0LPHvduJ0geQI+ZjFfIYkvHt1pE97IJ/\nN0HI6YLPVKgkvukZtT/ueEZXDL0uCAR48Po9AO/ogMcIrfwyXt6eOF+U4yrFglDi\n4j9cHIEKR/VyLsw53EX/YVZoZjcvlUkV5PWkqjNI+DLZS+UiEW3HIHsm8xjoly+7\nvsVSjs+n+R+FR2Pracf8UNDl0o63Hh6joy9V3U+6BKGPxqnK+zTT5TisHJCLGBk6\nRcWfxkECgYEA1N1FjcfNQN44sEN1O0aZ/TLaytPT4ZmcT+hnuKd0KUSK9i4pFehq\nlrmZCL25MOOfWctJoBCEJ2ZFR14UICqmLFiAiR9tJM6ejH1sDg2o7SZ99GDZfol3\nKTsecdOX8V5JY7m05NFUOOGzNC4em0CIma1b2ogUnJhMDoOcKTdKsO0CgYEAwsDZ\n1X+CXQrnzVUfIvE+3LQ9j6DGz4O0flfYlH7U+FsQjYpF5q/xKWwEL4zuyZ9U0aYb\nQh0rjHbiNfr7Cthu9EVIu3hZpuXUZ5IgB4fbuN0jswYD7eL/l3vWF+FjFtcQ6RnN\nGUjywwIKPnhXARKYD2outI5dRipAXX9Q8nXCGNECgYEAxOdWIpuzKxEk4S/VbpqV\ncVkseLjP430j0esKnw4Pbukfni//A2v1xS0z+Zj+iNHWIsrgdTcx9/wrk6Pb/BFX\nm+fWJoGyhXy3vv96B9ns7EpR8s/wAJQKbVJpjCOOBtEQFDbBtXRJc0Ccc2VCHJzq\nfzWUpSaB4oUivb5SovGpntUCgYABEqDgjTBBpPK77dEbFysaeh+wr9kIgZg37fHy\nd3Ri3dWMggt6htOUP9USEfuqvqbv9LNHvPNlda4vT++cEq8hx1PsPHB5++AcpfBp\nOjVaolU1Aj55S/vOcM8wGHy8PnkIX60Ci6VSr6swxubryZdu1k3ljrcy0L7EBRSE\nEWP9UQKBgDxvT1iBjEfrSOKjq/Xn/nwJ0IJpTcNVJ2/mJtW9RVWDo+SyylOT0b/W\nik8+o2v3oG5dw3Qs3qBzqEXS4Jx77vYozwutETP9gFTIdJU5noRV5zBqmetFjN+W\nNTcdYkOYtlvwbvvJPJm9uRlggtfeVUTOp0F323+7hsPKZM761jeR\n-----END RSA PRIVATE KEY-----\n",
            "public_key_fingerprint_md5": "1a:ad:09:b4:0b:64:00:21:85:5f:56:f0:f2:95:1c:06",
            "public_key_openssh": "ssh-rsa AAAAB3NzaC1yc2EAAAADAQABAAABAQCh8AnKsdWdqWMpVoeOAKPma2pc0O2TcnoRuP4S0iZ7UfPw8A1xJB2vhAFtcZ1mP4Rfl9w5T4AsS1Ob4JRcZHS/B6S6y7Ql2HG4u7krQsKXFmhft1dDi47e0zYJqeOHRLAi2k5ovlkD/kMG0og+/V+pKdw6O9KYUFqoH0WihobSmMpFoFyfhDS/UZqWpu4K0OzOvFqPHCSKBJ0zKTVuXZSd3wi7mifjgETDu94BFnWTFued8Eroa9RFOv9gnYxD14BXe5eWE8+pZeojXkHkbzjnO2njAl4Rt7oSYqBq1PW8bkm1jios9K0GsmDBQsSyYbWM8fBKhqTLYNgPtFWJKql9\n",
            "public_key_pem": "-----BEGIN PUBLIC KEY-----\nMIIBIjANBgkqhkiG9w0BAQEFAAOCAQ8AMIIBCgKCAQEAofAJyrHVnaljKVaHjgCj\n5mtqXNDtk3J6Ebj+EtIme1Hz8PANcSQdr4QBbXGdZj+EX5fcOU+ALEtTm+CUXGR0\nvwekusu0JdhxuLu5K0LClxZoX7dXQ4uO3tM2Canjh0SwItpOaL5ZA/5DBtKIPv1f\nqSncOjvSmFBaqB9FooaG0pjKRaBcn4Q0v1GalqbuCtDszrxajxwkigSdMyk1bl2U\nnd8Iu5on44BEw7veARZ1kxbnnfBK6GvURTr/YJ2MQ9eAV3uXlhPPqWXqI15B5G84\n5ztp4wJeEbe6EmKgatT1vG5JtY4qLPStBrJgwULEsmG1jPHwSoaky2DYD7RViSqp\nfQIDAQAB\n-----END PUBLIC KEY-----\n",
            "rsa_bits": 2048
          },
          "sensitive_attributes": [],
          "private": "bnVsbA=="
        }
      ]
    },
    {
      "module": "module.tls",
      "mode": "managed",
      "type": "tls_private_key",
      "name": "cert",
      "provider": "provider[\"registry.terraform.io/hashicorp/tls\"]",
      "instances": [
        {
          "schema_version": 0,
          "attributes": {
            "algorithm": "RSA",
            "ecdsa_curve": "P384",
            "id": "919ece50f26fc5698899104ebae8a5924019cb41",
            "private_key_pem": "-----BEGIN RSA PRIVATE KEY-----\nMIIEpQIBAAKCAQEAt+jWQZq0jXbJWm/+PRXyNDM43dHdnpGDwRSjr8VcyWF4dd3W\nDErXJxvsZF4CEK9bMFmHppVRodQmSyRtDAKNHYGSRa5oPNU58TmnvJOov8kpJo+v\n2v6AW9db6bTSKrflfBvdOWwM4094NuZudbSHatxfrzC08P3tqneILzKZD3sEtw49\nnD2AMMmF4Gh5zCju7Z5MIdQeCpr0B6CsqQlOSRo8ehr9osrR00Fb7ZqCHw1IKmZB\ncMXlNsZjLDQpYLF48+teeMR4XbBYzQeOtD5RMZoym3CTW2r4pwGf5G+oE6rAgNWf\nGhHBcp4xpO7btpzZ0UGyZNiXH0Da/yMjuCNTsQIDAQABAoIBAQC3V7kZqBhtm0l7\nDoE/9rwCTDpZ8VnmNh1KhL/2gGRTIwfLQX+du5Kom47cNFgMuDTJi8fPS7cZBP20\nFblcqsJx8vWW4Bts4gmksZzGQ9KMeAe9OKvRP71JUfaAk9Kd4b03MDQohc6HYndv\nC+R9FZ+W6eG+LmmEgzHHquiqXN/4bDF8aK6t7mOZCz68zU3CCU0Vz5Pse5/eqztS\no7RHMw4/8yTeyE2eqJLUfnX+/UYrfXL8KNS08u4o0upU4LkTMWLtzERA65+nYLiV\nG6gAYgo6UFu2xUDF/4/BTSPSVCk4PjqImqHKEXgsZOqZuFfnydDYtMLMDFDuL0hD\nhPsZmrZtAoGBAPIKKrlYzVlS/96VP8aIqbe9RzJN1bnVO76pID3UCtYwDo3eyHgR\nPusWB2Vw75onPebUBVxtqYkq12tPRJzthQoRwZe5r8EAIzc640znuIqfkxQdNxej\niNqBd56g95iqMxYDPCtwghF2DHggxvUCc0CB4F5qFU82ZOYVSVuY2Q6LAoGBAMKE\nWYTTRAKt8T6Y6LR1GBkam1+yysZUHj9ffC2S2jQstbpMk4UzS7TY/He2ri9iHjrF\nfVF2e058iE0ZELSHuhv/5u414R1GkLVrZZj98YmRx1Zi+yA2yWwAzkS8+ntDvplo\nWprssCI4ZZviQNaobqrnrEtWKu9QzFo2lckdfAozAoGBAIvsYryZ4MT13aPQxnjA\nwtTM4J7tLlRrOEnFvjTgI4+lYpSTqXL4DVacepQjUPDeJMQP6DWB1BPPJ5AK2FCc\nY1/p2fAb0cYSjUk9ivAHucCx9bYYGaRZzyD63atfxSOFqVjdb+hw91Ce3SCJWluE\nGhq9unb6fu03NedpgOoqF7l3AoGBAMIjF7lSpeFKu6kvManR6DA99u6nYmxZTisP\n4L8Xf0JtkR6UCPP7Q0cG/ct5fxV5hxQ/QRkJ+H1YGy1fo+WaRSxm1pPPIJN4dzsq\nKids5CHaZioY9eyr4ZIyp6vBNPnLnjI8DZnsOsqcoQTY5r+XMYTPXo1+PbHGYX50\nVkB4dfEzAoGABJdCX9uo02ABQFVd5dV15GjKLHSWkQsuuOIvzKIeBZ8P85vrQ78e\nlwF0l4f8pG7+G29GroipJ5TuIxAky9vohwF+8OtI2uLCB7daKYyhO8QxRmRqMNGI\nd5gF4pYI4NifD9z7DWmhJwqT1TowYmrYuuizvuigiBPJM2OeqHC06PQ=\n-----END RSA PRIVATE KEY-----\n",
            "public_key_fingerprint_md5": "c5:30:13:9f:13:4c:9e:f3:42:f7:f2:7b:b7:52:73:0d",
            "public_key_openssh": "ssh-rsa AAAAB3NzaC1yc2EAAAADAQABAAABAQC36NZBmrSNdslab/49FfI0Mzjd0d2ekYPBFKOvxVzJYXh13dYMStcnG+xkXgIQr1swWYemlVGh1CZLJG0MAo0dgZJFrmg81TnxOae8k6i/ySkmj6/a/oBb11vptNIqt+V8G905bAzjT3g25m51tIdq3F+vMLTw/e2qd4gvMpkPewS3Dj2cPYAwyYXgaHnMKO7tnkwh1B4KmvQHoKypCU5JGjx6Gv2iytHTQVvtmoIfDUgqZkFwxeU2xmMsNClgsXjz6154xHhdsFjNB460PlExmjKbcJNbavinAZ/kb6gTqsCA1Z8aEcFynjGk7tu2nNnRQbJk2JcfQNr/IyO4I1Ox\n",
            "public_key_pem": "-----BEGIN PUBLIC KEY-----\nMIIBIjANBgkqhkiG9w0BAQEFAAOCAQ8AMIIBCgKCAQEAt+jWQZq0jXbJWm/+PRXy\nNDM43dHdnpGDwRSjr8VcyWF4dd3WDErXJxvsZF4CEK9bMFmHppVRodQmSyRtDAKN\nHYGSRa5oPNU58TmnvJOov8kpJo+v2v6AW9db6bTSKrflfBvdOWwM4094NuZudbSH\natxfrzC08P3tqneILzKZD3sEtw49nD2AMMmF4Gh5zCju7Z5MIdQeCpr0B6CsqQlO\nSRo8ehr9osrR00Fb7ZqCHw1IKmZBcMXlNsZjLDQpYLF48+teeMR4XbBYzQeOtD5R\nMZoym3CTW2r4pwGf5G+oE6rAgNWfGhHBcp4xpO7btpzZ0UGyZNiXH0Da/yMjuCNT\nsQIDAQAB\n-----END PUBLIC KEY-----\n",
            "rsa_bits": 2048
          },
          "sensitive_attributes": [],
          "private": "bnVsbA=="
        }
      ]
    },
    {
      "module": "module.tls",
      "mode": "managed",
      "type": "tls_self_signed_cert",
      "name": "ca",
      "provider": "provider[\"registry.terraform.io/hashicorp/tls\"]",
      "instances": [
        {
          "schema_version": 0,
          "attributes": {
            "allowed_uses": [
              "cert_signing",
              "key_encipherment",
              "digital_signature"
            ],
            "cert_pem": "-----BEGIN CERTIFICATE-----\nMIIDXzCCAkegAwIBAgIRAMa67+u1VLgWtcN+KYEDRKEwDQYJKoZIhvcNAQELBQAw\nSTEWMBQGA1UEBhMNVW5pdGVkIFN0YXRlczEXMBUGA1UEChMOQXJpIHRlc3QsIElu\nYy4xFjAUBgNVBAMTDWFyaWJhbnNhbC5jb20wHhcNMjIwMjAyMDgyNDQzWhcNMjIw\nODAxMDgyNDQzWjBJMRYwFAYDVQQGEw1Vbml0ZWQgU3RhdGVzMRcwFQYDVQQKEw5B\ncmkgdGVzdCwgSW5jLjEWMBQGA1UEAxMNYXJpYmFuc2FsLmNvbTCCASIwDQYJKoZI\nhvcNAQEBBQADggEPADCCAQoCggEBAKHwCcqx1Z2pYylWh44Ao+ZralzQ7ZNyehG4\n/hLSJntR8/DwDXEkHa+EAW1xnWY/hF+X3DlPgCxLU5vglFxkdL8HpLrLtCXYcbi7\nuStCwpcWaF+3V0OLjt7TNgmp44dEsCLaTmi+WQP+QwbSiD79X6kp3Do70phQWqgf\nRaKGhtKYykWgXJ+ENL9Rmpam7grQ7M68Wo8cJIoEnTMpNW5dlJ3fCLuaJ+OARMO7\n3gEWdZMW553wSuhr1EU6/2CdjEPXgFd7l5YTz6ll6iNeQeRvOOc7aeMCXhG3uhJi\noGrU9bxuSbWOKiz0rQayYMFCxLJhtYzx8EqGpMtg2A+0VYkqqX0CAwEAAaNCMEAw\nDgYDVR0PAQH/BAQDAgKkMA8GA1UdEwEB/wQFMAMBAf8wHQYDVR0OBBYEFDbFMWMv\nqIDZRxBtG/WwvMo1p7KZMA0GCSqGSIb3DQEBCwUAA4IBAQCSL39o6VbJv50EjN1Q\nsjNQshl57+ENL+Uwad0s0/MSuSJN9+zj453OCF87dtbV05qCAWSVu16F9Hg687C9\nCFwyeLsxqnP5NEYA+Yk23DiXKnX0omIY9UgDP7z4yp1rdDEWF1NAeI+t9ENLdVpK\nBw6CQEMnN/8hqvkPzo+/xeJrnlk8iVaMEpAaYb1/M7SkveXa5o5e49y7oK/T2t9X\nEVZ/XgJ0o5VTQxCLqt9WP/BjhQOIVLxK0JxZH++AwcZRB0F2rGQI5O4MyWfqGvZ4\nHdpXlByxxOj25y+hrBDySGbVcr5etuWEa1k5ZZnxZnam33LDRr/30OOVBVU8T+5P\nGi5P\n-----END CERTIFICATE-----\n",
            "dns_names": null,
            "early_renewal_hours": 0,
            "id": "264157776551733490256080882912865764513",
            "ip_addresses": null,
            "is_ca_certificate": true,
            "key_algorithm": "RSA",
            "private_key_pem": "892432fc40dda3776320de59d9dd266cbd389407",
            "ready_for_renewal": false,
            "set_subject_key_id": null,
            "subject": [
              {
                "common_name": "aribansal.com",
                "country": "United States",
                "locality": "",
                "organization": "Ari test, Inc.",
                "organizational_unit": "",
                "postal_code": "",
                "province": "",
                "serial_number": "",
                "street_address": []
              }
            ],
            "uris": null,
            "validity_end_time": "2022-08-01T01:24:43.985648-07:00",
            "validity_period_hours": 4320,
            "validity_start_time": "2022-02-02T00:24:43.985648-08:00"
          },
          "sensitive_attributes": [
            [
              {
                "type": "get_attr",
                "value": "private_key_pem"
              }
            ]
          ],
          "private": "bnVsbA==",
          "dependencies": [
            "module.tls.tls_private_key.ca"
          ]
        }
      ]
    },
    {
      "module": "module.unseal_kms",
      "mode": "managed",
      "type": "google_kms_crypto_key",
      "name": "vault_crypto_key",
      "provider": "module.unseal_kms.provider[\"registry.terraform.io/hashicorp/google\"]",
      "instances": [
        {
          "schema_version": 1,
          "attributes": {
            "destroy_scheduled_duration": "86400s",
            "id": "projects/dev-hashi/locations/global/keyRings/vault_unseal_keyring_infinite_dog/cryptoKeys/vault_unseal_key_poetic_doe",
            "import_only": false,
            "key_ring": "projects/dev-hashi/locations/global/keyRings/vault_unseal_keyring_infinite_dog",
            "labels": {},
            "name": "vault_unseal_key_poetic_doe",
            "purpose": "ENCRYPT_DECRYPT",
            "rotation_period": "100000s",
            "skip_initial_version_creation": false,
            "timeouts": null,
            "version_template": [
              {
                "algorithm": "GOOGLE_SYMMETRIC_ENCRYPTION",
                "protection_level": "SOFTWARE"
              }
            ]
          },
          "sensitive_attributes": [],
          "private": "eyJlMmJmYjczMC1lY2FhLTExZTYtOGY4OC0zNDM2M2JjN2M0YzAiOnsiY3JlYXRlIjoyNDAwMDAwMDAwMDAsImRlbGV0ZSI6MjQwMDAwMDAwMDAwLCJ1cGRhdGUiOjI0MDAwMDAwMDAwMH0sInNjaGVtYV92ZXJzaW9uIjoiMSJ9",
          "dependencies": [
            "module.randomized.random_pet.friendly_key_name",
            "module.randomized.random_pet.friendly_keyring_name",
            "module.unseal_kms.google_kms_key_ring.vault_key_ring"
          ]
        }
      ]
    },
    {
      "module": "module.unseal_kms",
      "mode": "managed",
      "type": "google_kms_crypto_key_iam_member",
      "name": "service-account-encrypter-decrypter",
      "provider": "module.unseal_kms.provider[\"registry.terraform.io/hashicorp/google\"]",
      "instances": [
        {
          "schema_version": 0,
          "attributes": {
            "condition": [],
            "crypto_key_id": "projects/dev-hashi/locations/global/keyRings/vault_unseal_keyring_infinite_dog/cryptoKeys/vault_unseal_key_poetic_doe",
            "etag": "BwXXBMAe4n4=",
            "id": "projects/dev-hashi/locations/global/keyRings/vault_unseal_keyring_infinite_dog/cryptoKeys/vault_unseal_key_poetic_doe/roles/cloudkms.cryptoKeyEncrypterDecrypter/serviceAccount:vault-gcpkms@dev-hashi.iam.gserviceaccount.com",
            "member": "serviceAccount:vault-gcpkms@dev-hashi.iam.gserviceaccount.com",
            "role": "roles/cloudkms.cryptoKeyEncrypterDecrypter"
          },
          "sensitive_attributes": [],
          "private": "bnVsbA==",
          "dependencies": [
            "module.randomized.random_pet.friendly_key_name",
            "module.randomized.random_pet.friendly_keyring_name",
            "module.unseal_kms.google_kms_crypto_key.vault_crypto_key",
            "module.unseal_kms.google_kms_key_ring.vault_key_ring",
            "module.unseal_kms.google_service_account.vault_kms_service_account"
          ]
        }
      ]
    },
    {
      "module": "module.unseal_kms",
      "mode": "managed",
      "type": "google_kms_key_ring",
      "name": "vault_key_ring",
      "provider": "module.unseal_kms.provider[\"registry.terraform.io/hashicorp/google\"]",
      "instances": [
        {
          "schema_version": 0,
          "attributes": {
            "id": "projects/dev-hashi/locations/global/keyRings/vault_unseal_keyring_infinite_dog",
            "location": "global",
            "name": "vault_unseal_keyring_infinite_dog",
            "project": "dev-hashi",
            "timeouts": null
          },
          "sensitive_attributes": [],
          "private": "eyJlMmJmYjczMC1lY2FhLTExZTYtOGY4OC0zNDM2M2JjN2M0YzAiOnsiY3JlYXRlIjoyNDAwMDAwMDAwMDAsImRlbGV0ZSI6MjQwMDAwMDAwMDAwfX0=",
          "dependencies": [
            "module.randomized.random_pet.friendly_keyring_name"
          ]
        }
      ]
    },
    {
      "module": "module.unseal_kms",
      "mode": "managed",
      "type": "google_kms_key_ring_iam_binding",
      "name": "vault_iam_kms_binding",
      "provider": "module.unseal_kms.provider[\"registry.terraform.io/hashicorp/google\"]",
      "instances": [
        {
          "schema_version": 0,
          "attributes": {
            "condition": [],
            "etag": "BwXXBMAV4vc=",
            "id": "projects/dev-hashi/locations/global/keyRings/vault_unseal_keyring_infinite_dog/roles/owner",
            "key_ring_id": "projects/dev-hashi/locations/global/keyRings/vault_unseal_keyring_infinite_dog",
            "members": [
              "serviceAccount:vault-gcpkms@dev-hashi.iam.gserviceaccount.com"
            ],
            "role": "roles/owner"
          },
          "sensitive_attributes": [],
          "private": "bnVsbA==",
          "dependencies": [
            "module.randomized.random_pet.friendly_keyring_name",
            "module.unseal_kms.google_kms_key_ring.vault_key_ring",
            "module.unseal_kms.google_service_account.vault_kms_service_account"
          ]
        }
      ]
    },
    {
      "module": "module.unseal_kms",
      "mode": "managed",
      "type": "google_project_iam_member",
      "name": "service-account-iam-memberships",
      "provider": "module.unseal_kms.provider[\"registry.terraform.io/hashicorp/google\"]",
      "instances": [
        {
          "index_key": 0,
          "schema_version": 0,
          "attributes": {
            "condition": [],
            "etag": "BwXXBMBsm/A=",
            "id": "dev-hashi/roles/logging.logWriter/serviceAccount:vault-gcpkms@dev-hashi.iam.gserviceaccount.com",
            "member": "serviceAccount:vault-gcpkms@dev-hashi.iam.gserviceaccount.com",
            "project": "dev-hashi",
            "role": "roles/logging.logWriter"
          },
          "sensitive_attributes": [],
          "private": "bnVsbA==",
          "dependencies": [
            "module.unseal_kms.google_service_account.vault_kms_service_account"
          ]
        },
        {
          "index_key": 1,
          "schema_version": 0,
          "attributes": {
            "condition": [],
            "etag": "BwXXBMBsm/A=",
            "id": "dev-hashi/roles/monitoring.metricWriter/serviceAccount:vault-gcpkms@dev-hashi.iam.gserviceaccount.com",
            "member": "serviceAccount:vault-gcpkms@dev-hashi.iam.gserviceaccount.com",
            "project": "dev-hashi",
            "role": "roles/monitoring.metricWriter"
          },
          "sensitive_attributes": [],
          "private": "bnVsbA==",
          "dependencies": [
            "module.unseal_kms.google_service_account.vault_kms_service_account"
          ]
        },
        {
          "index_key": 2,
          "schema_version": 0,
          "attributes": {
            "condition": [],
            "etag": "BwXXBMBsm/A=",
            "id": "dev-hashi/roles/monitoring.viewer/serviceAccount:vault-gcpkms@dev-hashi.iam.gserviceaccount.com",
            "member": "serviceAccount:vault-gcpkms@dev-hashi.iam.gserviceaccount.com",
            "project": "dev-hashi",
            "role": "roles/monitoring.viewer"
          },
          "sensitive_attributes": [],
          "private": "bnVsbA==",
          "dependencies": [
            "module.unseal_kms.google_service_account.vault_kms_service_account"
          ]
        },
        {
          "index_key": 3,
          "schema_version": 0,
          "attributes": {
            "condition": [],
            "etag": "BwXXBMBsm/A=",
            "id": "dev-hashi/roles/iam.serviceAccountKeyAdmin/serviceAccount:vault-gcpkms@dev-hashi.iam.gserviceaccount.com",
            "member": "serviceAccount:vault-gcpkms@dev-hashi.iam.gserviceaccount.com",
            "project": "dev-hashi",
            "role": "roles/iam.serviceAccountKeyAdmin"
          },
          "sensitive_attributes": [],
          "private": "bnVsbA==",
          "dependencies": [
            "module.unseal_kms.google_service_account.vault_kms_service_account"
          ]
        },
        {
          "index_key": 4,
          "schema_version": 0,
          "attributes": {
            "condition": [],
            "etag": "BwXXBMBsm/A=",
            "id": "dev-hashi/roles/cloudkms.cryptoKeyEncrypterDecrypter/serviceAccount:vault-gcpkms@dev-hashi.iam.gserviceaccount.com",
            "member": "serviceAccount:vault-gcpkms@dev-hashi.iam.gserviceaccount.com",
            "project": "dev-hashi",
            "role": "roles/cloudkms.cryptoKeyEncrypterDecrypter"
          },
          "sensitive_attributes": [],
          "private": "bnVsbA==",
          "dependencies": [
            "module.unseal_kms.google_service_account.vault_kms_service_account"
          ]
        }
      ]
    },
    {
      "module": "module.unseal_kms",
      "mode": "managed",
      "type": "google_service_account",
      "name": "vault_kms_service_account",
      "provider": "module.unseal_kms.provider[\"registry.terraform.io/hashicorp/google\"]",
      "instances": [
        {
          "schema_version": 0,
          "attributes": {
            "account_id": "vault-gcpkms",
            "description": "",
            "disabled": false,
            "display_name": "Vault KMS for auto-unseal",
            "email": "vault-gcpkms@dev-hashi.iam.gserviceaccount.com",
            "id": "projects/dev-hashi/serviceAccounts/vault-gcpkms@dev-hashi.iam.gserviceaccount.com",
            "name": "projects/dev-hashi/serviceAccounts/vault-gcpkms@dev-hashi.iam.gserviceaccount.com",
            "project": "dev-hashi",
            "timeouts": null,
            "unique_id": "115086501956905425989"
          },
          "sensitive_attributes": [],
          "private": "eyJlMmJmYjczMC1lY2FhLTExZTYtOGY4OC0zNDM2M2JjN2M0YzAiOnsiY3JlYXRlIjozMDAwMDAwMDAwMDB9fQ=="
        }
      ]
    },
    {
      "module": "module.vault",
      "mode": "data",
      "type": "google_client_config",
      "name": "current",
      "provider": "provider[\"registry.terraform.io/hashicorp/google\"]",
      "instances": [
        {
          "schema_version": 0,
          "attributes": {
            "access_token": "ya29.A0ARrdaM_oX0MHa51bggOc8b-SmVasugryw5xN9KD4qY_J6YJMEWfzdLkHYbItoytQztumz4DZbBBBgY9lhkqmW7jbWW9uFpw3FjE452WMIfRrjolslSvOa0Jg1B6SIdsGWu6U0Z9CmU7WJeXTvxw3PfcN5QlXaw",
            "id": "projects//regions//zones/",
            "project": "",
            "region": "",
            "zone": ""
          },
          "sensitive_attributes": []
        }
      ]
    },
    {
      "module": "module.vault",
      "mode": "data",
      "type": "kubernetes_service",
      "name": "vault_svc",
      "provider": "module.vault.provider[\"registry.terraform.io/hashicorp/kubernetes\"]",
      "instances": []
    },
    {
      "module": "module.vault",
      "mode": "managed",
      "type": "helm_release",
      "name": "vault",
      "provider": "module.vault.provider[\"registry.terraform.io/hashicorp/helm\"]",
      "instances": []
    },
    {
      "module": "module.vault",
      "mode": "managed",
      "type": "kubernetes_namespace",
      "name": "vault",
      "provider": "module.vault.provider[\"registry.terraform.io/hashicorp/kubernetes\"]",
      "instances": [
        {
          "schema_version": 0,
          "attributes": {
            "id": "vault",
            "metadata": [
              {
                "annotations": {},
                "generate_name": "",
                "generation": 0,
                "labels": {},
                "name": "vault",
                "resource_version": "2869",
                "uid": "e630c80a-85e9-4b8b-abf5-57068a3573a0"
              }
            ],
            "timeouts": null
          },
          "sensitive_attributes": [],
          "private": "eyJlMmJmYjczMC1lY2FhLTExZTYtOGY4OC0zNDM2M2JjN2M0YzAiOnsiZGVsZXRlIjozMDAwMDAwMDAwMDB9fQ==",
          "dependencies": [
            "module.gke-cluster.google_container_cluster.primary",
            "module.gke-cluster.google_container_node_pool.vault_node_pool",
            "module.unseal_kms.google_service_account.vault_kms_service_account",
            "module.vault.data.google_client_config.current"
          ]
        }
      ]
    },
    {
      "module": "module.vault",
      "mode": "managed",
      "type": "kubernetes_secret",
      "name": "vault_local_tls",
      "provider": "module.vault.provider[\"registry.terraform.io/hashicorp/kubernetes\"]",
      "instances": [
        {
          "schema_version": 0,
          "attributes": {
            "binary_data": null,
            "data": {
              "vault-local.ca": "-----BEGIN CERTIFICATE-----\nMIIDXzCCAkegAwIBAgIRAMa67+u1VLgWtcN+KYEDRKEwDQYJKoZIhvcNAQELBQAw\nSTEWMBQGA1UEBhMNVW5pdGVkIFN0YXRlczEXMBUGA1UEChMOQXJpIHRlc3QsIElu\nYy4xFjAUBgNVBAMTDWFyaWJhbnNhbC5jb20wHhcNMjIwMjAyMDgyNDQzWhcNMjIw\nODAxMDgyNDQzWjBJMRYwFAYDVQQGEw1Vbml0ZWQgU3RhdGVzMRcwFQYDVQQKEw5B\ncmkgdGVzdCwgSW5jLjEWMBQGA1UEAxMNYXJpYmFuc2FsLmNvbTCCASIwDQYJKoZI\nhvcNAQEBBQADggEPADCCAQoCggEBAKHwCcqx1Z2pYylWh44Ao+ZralzQ7ZNyehG4\n/hLSJntR8/DwDXEkHa+EAW1xnWY/hF+X3DlPgCxLU5vglFxkdL8HpLrLtCXYcbi7\nuStCwpcWaF+3V0OLjt7TNgmp44dEsCLaTmi+WQP+QwbSiD79X6kp3Do70phQWqgf\nRaKGhtKYykWgXJ+ENL9Rmpam7grQ7M68Wo8cJIoEnTMpNW5dlJ3fCLuaJ+OARMO7\n3gEWdZMW553wSuhr1EU6/2CdjEPXgFd7l5YTz6ll6iNeQeRvOOc7aeMCXhG3uhJi\noGrU9bxuSbWOKiz0rQayYMFCxLJhtYzx8EqGpMtg2A+0VYkqqX0CAwEAAaNCMEAw\nDgYDVR0PAQH/BAQDAgKkMA8GA1UdEwEB/wQFMAMBAf8wHQYDVR0OBBYEFDbFMWMv\nqIDZRxBtG/WwvMo1p7KZMA0GCSqGSIb3DQEBCwUAA4IBAQCSL39o6VbJv50EjN1Q\nsjNQshl57+ENL+Uwad0s0/MSuSJN9+zj453OCF87dtbV05qCAWSVu16F9Hg687C9\nCFwyeLsxqnP5NEYA+Yk23DiXKnX0omIY9UgDP7z4yp1rdDEWF1NAeI+t9ENLdVpK\nBw6CQEMnN/8hqvkPzo+/xeJrnlk8iVaMEpAaYb1/M7SkveXa5o5e49y7oK/T2t9X\nEVZ/XgJ0o5VTQxCLqt9WP/BjhQOIVLxK0JxZH++AwcZRB0F2rGQI5O4MyWfqGvZ4\nHdpXlByxxOj25y+hrBDySGbVcr5etuWEa1k5ZZnxZnam33LDRr/30OOVBVU8T+5P\nGi5P\n-----END CERTIFICATE-----\n",
              "vault-local.cert": "-----BEGIN CERTIFICATE-----\nMIIDdzCCAl+gAwIBAgIRANqo+eNPvP7C9FxZYassPfkwDQYJKoZIhvcNAQELBQAw\nSTEWMBQGA1UEBhMNVW5pdGVkIFN0YXRlczEXMBUGA1UEChMOQXJpIHRlc3QsIElu\nYy4xFjAUBgNVBAMTDWFyaWJhbnNhbC5jb20wHhcNMjIwMjAyMDgyNDQ0WhcNMjIw\nODAxMDgyNDQ0WjA/MSIwIAYDVQQKExlWYXVsdCBQcml2YXRlIENlcnRpZmljYXRl\nMRkwFwYDVQQDDBAqLnZhdWx0LWludGVybmFsMIIBIjANBgkqhkiG9w0BAQEFAAOC\nAQ8AMIIBCgKCAQEAt+jWQZq0jXbJWm/+PRXyNDM43dHdnpGDwRSjr8VcyWF4dd3W\nDErXJxvsZF4CEK9bMFmHppVRodQmSyRtDAKNHYGSRa5oPNU58TmnvJOov8kpJo+v\n2v6AW9db6bTSKrflfBvdOWwM4094NuZudbSHatxfrzC08P3tqneILzKZD3sEtw49\nnD2AMMmF4Gh5zCju7Z5MIdQeCpr0B6CsqQlOSRo8ehr9osrR00Fb7ZqCHw1IKmZB\ncMXlNsZjLDQpYLF48+teeMR4XbBYzQeOtD5RMZoym3CTW2r4pwGf5G+oE6rAgNWf\nGhHBcp4xpO7btpzZ0UGyZNiXH0Da/yMjuCNTsQIDAQABo2QwYjAOBgNVHQ8BAf8E\nBAMCBaAwDAYDVR0TAQH/BAIwADAfBgNVHSMEGDAWgBQ2xTFjL6iA2UcQbRv1sLzK\nNaeymTAhBgNVHREEGjAYghAqLnZhdWx0LWludGVybmFshwR/AAABMA0GCSqGSIb3\nDQEBCwUAA4IBAQCGlhsbSj9iOJBro1VipZGwn9jKaE3Ms3Z/hl1+9JWec4bQAJdM\nPAqvgqzEaxbwBgVrD/S5bLhU4h2tbgR0JCgTb920WGsIAjJB2a/L5dcLUxQ1uV9C\nwEdWeeUKUN169fjZMVwG0/QIAK5UcTt7uesxugeI0NY0ix5ibFJ9qdQCdUpdFcaf\nEMdktc5Fzz71P3rHlU8O8W5D6jdUTbCV8AOb5qHsMc1Iz14fvmXvXhOdvlsBdCw5\nksjDat+FmghF7NS43dSvN7TwpH5Rx9KjYodsJFXGAHctwpLE2SYxAWNmrRS/UA1s\n/eeInF7Yz080GH01cvtEFJtlLiMpu6licHU/\n-----END CERTIFICATE-----\n\n-----BEGIN CERTIFICATE-----\nMIIDXzCCAkegAwIBAgIRAMa67+u1VLgWtcN+KYEDRKEwDQYJKoZIhvcNAQELBQAw\nSTEWMBQGA1UEBhMNVW5pdGVkIFN0YXRlczEXMBUGA1UEChMOQXJpIHRlc3QsIElu\nYy4xFjAUBgNVBAMTDWFyaWJhbnNhbC5jb20wHhcNMjIwMjAyMDgyNDQzWhcNMjIw\nODAxMDgyNDQzWjBJMRYwFAYDVQQGEw1Vbml0ZWQgU3RhdGVzMRcwFQYDVQQKEw5B\ncmkgdGVzdCwgSW5jLjEWMBQGA1UEAxMNYXJpYmFuc2FsLmNvbTCCASIwDQYJKoZI\nhvcNAQEBBQADggEPADCCAQoCggEBAKHwCcqx1Z2pYylWh44Ao+ZralzQ7ZNyehG4\n/hLSJntR8/DwDXEkHa+EAW1xnWY/hF+X3DlPgCxLU5vglFxkdL8HpLrLtCXYcbi7\nuStCwpcWaF+3V0OLjt7TNgmp44dEsCLaTmi+WQP+QwbSiD79X6kp3Do70phQWqgf\nRaKGhtKYykWgXJ+ENL9Rmpam7grQ7M68Wo8cJIoEnTMpNW5dlJ3fCLuaJ+OARMO7\n3gEWdZMW553wSuhr1EU6/2CdjEPXgFd7l5YTz6ll6iNeQeRvOOc7aeMCXhG3uhJi\noGrU9bxuSbWOKiz0rQayYMFCxLJhtYzx8EqGpMtg2A+0VYkqqX0CAwEAAaNCMEAw\nDgYDVR0PAQH/BAQDAgKkMA8GA1UdEwEB/wQFMAMBAf8wHQYDVR0OBBYEFDbFMWMv\nqIDZRxBtG/WwvMo1p7KZMA0GCSqGSIb3DQEBCwUAA4IBAQCSL39o6VbJv50EjN1Q\nsjNQshl57+ENL+Uwad0s0/MSuSJN9+zj453OCF87dtbV05qCAWSVu16F9Hg687C9\nCFwyeLsxqnP5NEYA+Yk23DiXKnX0omIY9UgDP7z4yp1rdDEWF1NAeI+t9ENLdVpK\nBw6CQEMnN/8hqvkPzo+/xeJrnlk8iVaMEpAaYb1/M7SkveXa5o5e49y7oK/T2t9X\nEVZ/XgJ0o5VTQxCLqt9WP/BjhQOIVLxK0JxZH++AwcZRB0F2rGQI5O4MyWfqGvZ4\nHdpXlByxxOj25y+hrBDySGbVcr5etuWEa1k5ZZnxZnam33LDRr/30OOVBVU8T+5P\nGi5P\n-----END CERTIFICATE-----\n",
              "vault-local.key": "-----BEGIN RSA PRIVATE KEY-----\nMIIEpQIBAAKCAQEAt+jWQZq0jXbJWm/+PRXyNDM43dHdnpGDwRSjr8VcyWF4dd3W\nDErXJxvsZF4CEK9bMFmHppVRodQmSyRtDAKNHYGSRa5oPNU58TmnvJOov8kpJo+v\n2v6AW9db6bTSKrflfBvdOWwM4094NuZudbSHatxfrzC08P3tqneILzKZD3sEtw49\nnD2AMMmF4Gh5zCju7Z5MIdQeCpr0B6CsqQlOSRo8ehr9osrR00Fb7ZqCHw1IKmZB\ncMXlNsZjLDQpYLF48+teeMR4XbBYzQeOtD5RMZoym3CTW2r4pwGf5G+oE6rAgNWf\nGhHBcp4xpO7btpzZ0UGyZNiXH0Da/yMjuCNTsQIDAQABAoIBAQC3V7kZqBhtm0l7\nDoE/9rwCTDpZ8VnmNh1KhL/2gGRTIwfLQX+du5Kom47cNFgMuDTJi8fPS7cZBP20\nFblcqsJx8vWW4Bts4gmksZzGQ9KMeAe9OKvRP71JUfaAk9Kd4b03MDQohc6HYndv\nC+R9FZ+W6eG+LmmEgzHHquiqXN/4bDF8aK6t7mOZCz68zU3CCU0Vz5Pse5/eqztS\no7RHMw4/8yTeyE2eqJLUfnX+/UYrfXL8KNS08u4o0upU4LkTMWLtzERA65+nYLiV\nG6gAYgo6UFu2xUDF/4/BTSPSVCk4PjqImqHKEXgsZOqZuFfnydDYtMLMDFDuL0hD\nhPsZmrZtAoGBAPIKKrlYzVlS/96VP8aIqbe9RzJN1bnVO76pID3UCtYwDo3eyHgR\nPusWB2Vw75onPebUBVxtqYkq12tPRJzthQoRwZe5r8EAIzc640znuIqfkxQdNxej\niNqBd56g95iqMxYDPCtwghF2DHggxvUCc0CB4F5qFU82ZOYVSVuY2Q6LAoGBAMKE\nWYTTRAKt8T6Y6LR1GBkam1+yysZUHj9ffC2S2jQstbpMk4UzS7TY/He2ri9iHjrF\nfVF2e058iE0ZELSHuhv/5u414R1GkLVrZZj98YmRx1Zi+yA2yWwAzkS8+ntDvplo\nWprssCI4ZZviQNaobqrnrEtWKu9QzFo2lckdfAozAoGBAIvsYryZ4MT13aPQxnjA\nwtTM4J7tLlRrOEnFvjTgI4+lYpSTqXL4DVacepQjUPDeJMQP6DWB1BPPJ5AK2FCc\nY1/p2fAb0cYSjUk9ivAHucCx9bYYGaRZzyD63atfxSOFqVjdb+hw91Ce3SCJWluE\nGhq9unb6fu03NedpgOoqF7l3AoGBAMIjF7lSpeFKu6kvManR6DA99u6nYmxZTisP\n4L8Xf0JtkR6UCPP7Q0cG/ct5fxV5hxQ/QRkJ+H1YGy1fo+WaRSxm1pPPIJN4dzsq\nKids5CHaZioY9eyr4ZIyp6vBNPnLnjI8DZnsOsqcoQTY5r+XMYTPXo1+PbHGYX50\nVkB4dfEzAoGABJdCX9uo02ABQFVd5dV15GjKLHSWkQsuuOIvzKIeBZ8P85vrQ78e\nlwF0l4f8pG7+G29GroipJ5TuIxAky9vohwF+8OtI2uLCB7daKYyhO8QxRmRqMNGI\nd5gF4pYI4NifD9z7DWmhJwqT1TowYmrYuuizvuigiBPJM2OeqHC06PQ=\n-----END RSA PRIVATE KEY-----\n"
            },
            "id": "vault/vault-internal-tls",
            "immutable": false,
            "metadata": [
              {
                "annotations": {},
                "generate_name": "",
                "generation": 0,
                "labels": {},
                "name": "vault-internal-tls",
                "namespace": "vault",
                "resource_version": "2889",
                "uid": "246d3d86-f140-4830-965b-f92b2ec1b698"
              }
            ],
            "type": "Opaque"
          },
          "sensitive_attributes": [
            [
              {
                "type": "get_attr",
                "value": "data"
              },
              {
                "type": "index",
                "value": {
                  "value": "vault-local.key",
                  "type": "string"
                }
              }
            ]
          ],
          "private": "bnVsbA==",
          "dependencies": [
            "module.gke-cluster.google_container_cluster.primary",
            "module.gke-cluster.google_container_node_pool.vault_node_pool",
            "module.tls.tls_cert_request.cert",
            "module.tls.tls_locally_signed_cert.cert",
            "module.tls.tls_private_key.ca",
            "module.tls.tls_private_key.cert",
            "module.tls.tls_self_signed_cert.ca",
            "module.unseal_kms.google_service_account.vault_kms_service_account",
            "module.vault.data.google_client_config.current",
            "module.vault.kubernetes_namespace.vault"
          ]
        }
      ]
    }
  ]
}
